// !$*UTF8*$!
{
	archiveVersion = 1;
	classes = {
	};
	objectVersion = 46;
	objects = {

/* Begin PBXBuildFile section */
		7F6E6CB914D6CAA600033C65 /* UIKit.framework in Frameworks */ = {isa = PBXBuildFile; fileRef = 7F6E6CB814D6CAA600033C65 /* UIKit.framework */; };
		7F6E6CBB14D6CAA600033C65 /* Foundation.framework in Frameworks */ = {isa = PBXBuildFile; fileRef = 7F6E6CBA14D6CAA600033C65 /* Foundation.framework */; };
		7F6E6CBD14D6CAA600033C65 /* CoreGraphics.framework in Frameworks */ = {isa = PBXBuildFile; fileRef = 7F6E6CBC14D6CAA600033C65 /* CoreGraphics.framework */; };
		7F6E6CBF14D6CAA600033C65 /* CoreData.framework in Frameworks */ = {isa = PBXBuildFile; fileRef = 7F6E6CBE14D6CAA600033C65 /* CoreData.framework */; };
		7F6E6CC514D6CAA600033C65 /* InfoPlist.strings in Resources */ = {isa = PBXBuildFile; fileRef = 7F6E6CC314D6CAA600033C65 /* InfoPlist.strings */; };
		7F6E6CC714D6CAA600033C65 /* main.m in Sources */ = {isa = PBXBuildFile; fileRef = 7F6E6CC614D6CAA600033C65 /* main.m */; };
		7F6E6CCE14D6CAA600033C65 /* Pokemon.xcdatamodeld in Sources */ = {isa = PBXBuildFile; fileRef = 7F6E6CCC14D6CAA600033C65 /* Pokemon.xcdatamodeld */; };
		7F6E6CD614D6CAA700033C65 /* SenTestingKit.framework in Frameworks */ = {isa = PBXBuildFile; fileRef = 7F6E6CD514D6CAA700033C65 /* SenTestingKit.framework */; };
		7F6E6CD714D6CAA700033C65 /* UIKit.framework in Frameworks */ = {isa = PBXBuildFile; fileRef = 7F6E6CB814D6CAA600033C65 /* UIKit.framework */; };
		7F6E6CD814D6CAA700033C65 /* Foundation.framework in Frameworks */ = {isa = PBXBuildFile; fileRef = 7F6E6CBA14D6CAA600033C65 /* Foundation.framework */; };
		7F6E6CD914D6CAA700033C65 /* CoreData.framework in Frameworks */ = {isa = PBXBuildFile; fileRef = 7F6E6CBE14D6CAA600033C65 /* CoreData.framework */; };
		7F6E6CE114D6CAA700033C65 /* InfoPlist.strings in Resources */ = {isa = PBXBuildFile; fileRef = 7F6E6CDF14D6CAA700033C65 /* InfoPlist.strings */; };
		7F6E6CE414D6CAA700033C65 /* PokemonTests.m in Sources */ = {isa = PBXBuildFile; fileRef = 7F6E6CE314D6CAA700033C65 /* PokemonTests.m */; };
		7F6E6CF814D6CB9800033C65 /* AppDelegate.m in Sources */ = {isa = PBXBuildFile; fileRef = 7F6E6CF014D6CB9800033C65 /* AppDelegate.m */; };
/* End PBXBuildFile section */

/* Begin PBXContainerItemProxy section */
		7F6E6CDA14D6CAA700033C65 /* PBXContainerItemProxy */ = {
			isa = PBXContainerItemProxy;
			containerPortal = 7F6E6CAB14D6CAA600033C65 /* Project object */;
			proxyType = 1;
			remoteGlobalIDString = 7F6E6CB314D6CAA600033C65;
			remoteInfo = Pokemon;
		};
/* End PBXContainerItemProxy section */

/* Begin PBXFileReference section */
		7F6E6CB414D6CAA600033C65 /* Pokemon.app */ = {isa = PBXFileReference; explicitFileType = wrapper.application; includeInIndex = 0; path = Pokemon.app; sourceTree = BUILT_PRODUCTS_DIR; };
		7F6E6CB814D6CAA600033C65 /* UIKit.framework */ = {isa = PBXFileReference; lastKnownFileType = wrapper.framework; name = UIKit.framework; path = System/Library/Frameworks/UIKit.framework; sourceTree = SDKROOT; };
		7F6E6CBA14D6CAA600033C65 /* Foundation.framework */ = {isa = PBXFileReference; lastKnownFileType = wrapper.framework; name = Foundation.framework; path = System/Library/Frameworks/Foundation.framework; sourceTree = SDKROOT; };
		7F6E6CBC14D6CAA600033C65 /* CoreGraphics.framework */ = {isa = PBXFileReference; lastKnownFileType = wrapper.framework; name = CoreGraphics.framework; path = System/Library/Frameworks/CoreGraphics.framework; sourceTree = SDKROOT; };
		7F6E6CBE14D6CAA600033C65 /* CoreData.framework */ = {isa = PBXFileReference; lastKnownFileType = wrapper.framework; name = CoreData.framework; path = System/Library/Frameworks/CoreData.framework; sourceTree = SDKROOT; };
		7F6E6CC214D6CAA600033C65 /* Pokemon-Info.plist */ = {isa = PBXFileReference; lastKnownFileType = text.plist.xml; path = "Pokemon-Info.plist"; sourceTree = "<group>"; };
		7F6E6CC414D6CAA600033C65 /* en */ = {isa = PBXFileReference; lastKnownFileType = text.plist.strings; name = en; path = en.lproj/InfoPlist.strings; sourceTree = "<group>"; };
		7F6E6CC614D6CAA600033C65 /* main.m */ = {isa = PBXFileReference; lastKnownFileType = sourcecode.c.objc; path = main.m; sourceTree = "<group>"; };
		7F6E6CC814D6CAA600033C65 /* Pokemon-Prefix.pch */ = {isa = PBXFileReference; lastKnownFileType = sourcecode.c.h; path = "Pokemon-Prefix.pch"; sourceTree = "<group>"; };
		7F6E6CCD14D6CAA600033C65 /* Pokemon.xcdatamodel */ = {isa = PBXFileReference; lastKnownFileType = wrapper.xcdatamodel; path = Pokemon.xcdatamodel; sourceTree = "<group>"; };
		7F6E6CD414D6CAA700033C65 /* PokemonTests.octest */ = {isa = PBXFileReference; explicitFileType = wrapper.cfbundle; includeInIndex = 0; path = PokemonTests.octest; sourceTree = BUILT_PRODUCTS_DIR; };
		7F6E6CD514D6CAA700033C65 /* SenTestingKit.framework */ = {isa = PBXFileReference; lastKnownFileType = wrapper.framework; name = SenTestingKit.framework; path = Library/Frameworks/SenTestingKit.framework; sourceTree = DEVELOPER_DIR; };
		7F6E6CDE14D6CAA700033C65 /* PokemonTests-Info.plist */ = {isa = PBXFileReference; lastKnownFileType = text.plist.xml; path = "PokemonTests-Info.plist"; sourceTree = "<group>"; };
		7F6E6CE014D6CAA700033C65 /* en */ = {isa = PBXFileReference; lastKnownFileType = text.plist.strings; name = en; path = en.lproj/InfoPlist.strings; sourceTree = "<group>"; };
		7F6E6CE214D6CAA700033C65 /* PokemonTests.h */ = {isa = PBXFileReference; lastKnownFileType = sourcecode.c.h; path = PokemonTests.h; sourceTree = "<group>"; };
		7F6E6CE314D6CAA700033C65 /* PokemonTests.m */ = {isa = PBXFileReference; lastKnownFileType = sourcecode.c.objc; path = PokemonTests.m; sourceTree = "<group>"; };
		7F6E6CEF14D6CB9800033C65 /* AppDelegate.h */ = {isa = PBXFileReference; fileEncoding = 4; lastKnownFileType = sourcecode.c.h; path = AppDelegate.h; sourceTree = "<group>"; };
		7F6E6CF014D6CB9800033C65 /* AppDelegate.m */ = {isa = PBXFileReference; fileEncoding = 4; lastKnownFileType = sourcecode.c.objc; path = AppDelegate.m; sourceTree = "<group>"; };
/* End PBXFileReference section */

/* Begin PBXFrameworksBuildPhase section */
		7F6E6CB114D6CAA600033C65 /* Frameworks */ = {
			isa = PBXFrameworksBuildPhase;
			buildActionMask = 2147483647;
			files = (
				7F6E6CB914D6CAA600033C65 /* UIKit.framework in Frameworks */,
				7F6E6CBB14D6CAA600033C65 /* Foundation.framework in Frameworks */,
				7F6E6CBD14D6CAA600033C65 /* CoreGraphics.framework in Frameworks */,
				7F6E6CBF14D6CAA600033C65 /* CoreData.framework in Frameworks */,
			);
			runOnlyForDeploymentPostprocessing = 0;
		};
		7F6E6CD014D6CAA700033C65 /* Frameworks */ = {
			isa = PBXFrameworksBuildPhase;
			buildActionMask = 2147483647;
			files = (
				7F6E6CD614D6CAA700033C65 /* SenTestingKit.framework in Frameworks */,
				7F6E6CD714D6CAA700033C65 /* UIKit.framework in Frameworks */,
				7F6E6CD814D6CAA700033C65 /* Foundation.framework in Frameworks */,
				7F6E6CD914D6CAA700033C65 /* CoreData.framework in Frameworks */,
			);
			runOnlyForDeploymentPostprocessing = 0;
		};
/* End PBXFrameworksBuildPhase section */

/* Begin PBXGroup section */
		7F6E6CA914D6CAA600033C65 = {
			isa = PBXGroup;
			children = (
				7F6E6CC014D6CAA600033C65 /* Pokemon */,
				7F6E6CDC14D6CAA700033C65 /* PokemonTests */,
				7F6E6CB714D6CAA600033C65 /* Frameworks */,
				7F6E6CB514D6CAA600033C65 /* Products */,
			);
			sourceTree = "<group>";
		};
		7F6E6CB514D6CAA600033C65 /* Products */ = {
			isa = PBXGroup;
			children = (
				7F6E6CB414D6CAA600033C65 /* Pokemon.app */,
				7F6E6CD414D6CAA700033C65 /* PokemonTests.octest */,
			);
			name = Products;
			sourceTree = "<group>";
		};
		7F6E6CB714D6CAA600033C65 /* Frameworks */ = {
			isa = PBXGroup;
			children = (
				7F6E6CB814D6CAA600033C65 /* UIKit.framework */,
				7F6E6CBA14D6CAA600033C65 /* Foundation.framework */,
				7F6E6CBC14D6CAA600033C65 /* CoreGraphics.framework */,
				7F6E6CBE14D6CAA600033C65 /* CoreData.framework */,
				7F6E6CD514D6CAA700033C65 /* SenTestingKit.framework */,
			);
			name = Frameworks;
			sourceTree = "<group>";
		};
		7F6E6CC014D6CAA600033C65 /* Pokemon */ = {
			isa = PBXGroup;
			children = (
				7F6E6CEE14D6CB9800033C65 /* Delegates */,
				7F6E6CF114D6CB9800033C65 /* Models */,
				7F6E6CF614D6CB9800033C65 /* Views */,
				7F6E6CED14D6CB9800033C65 /* Controllers */,
				7F6E6CF214D6CB9800033C65 /* Resources */,
				7F6E6CF514D6CB9800033C65 /* Thirdparties */,
				7F6E6CC114D6CAA600033C65 /* Supporting Files */,
			);
			path = Pokemon;
			sourceTree = "<group>";
		};
		7F6E6CC114D6CAA600033C65 /* Supporting Files */ = {
			isa = PBXGroup;
			children = (
				7F6E6CC214D6CAA600033C65 /* Pokemon-Info.plist */,
				7F6E6CC314D6CAA600033C65 /* InfoPlist.strings */,
				7F6E6CC614D6CAA600033C65 /* main.m */,
				7F6E6CC814D6CAA600033C65 /* Pokemon-Prefix.pch */,
			);
			name = "Supporting Files";
			sourceTree = "<group>";
		};
		7F6E6CDC14D6CAA700033C65 /* PokemonTests */ = {
			isa = PBXGroup;
			children = (
				7F6E6CE214D6CAA700033C65 /* PokemonTests.h */,
				7F6E6CE314D6CAA700033C65 /* PokemonTests.m */,
				7F6E6CDD14D6CAA700033C65 /* Supporting Files */,
			);
			path = PokemonTests;
			sourceTree = "<group>";
		};
		7F6E6CDD14D6CAA700033C65 /* Supporting Files */ = {
			isa = PBXGroup;
			children = (
				7F6E6CDE14D6CAA700033C65 /* PokemonTests-Info.plist */,
				7F6E6CDF14D6CAA700033C65 /* InfoPlist.strings */,
			);
			name = "Supporting Files";
			sourceTree = "<group>";
		};
		7F6E6CED14D6CB9800033C65 /* Controllers */ = {
			isa = PBXGroup;
			children = (
			);
			path = Controllers;
			sourceTree = "<group>";
		};
		7F6E6CEE14D6CB9800033C65 /* Delegates */ = {
			isa = PBXGroup;
			children = (
				7F6E6CEF14D6CB9800033C65 /* AppDelegate.h */,
				7F6E6CF014D6CB9800033C65 /* AppDelegate.m */,
			);
			path = Delegates;
			sourceTree = "<group>";
		};
		7F6E6CF114D6CB9800033C65 /* Models */ = {
			isa = PBXGroup;
			children = (
				7F6E6CCC14D6CAA600033C65 /* Pokemon.xcdatamodeld */,
			);
			path = Models;
			sourceTree = "<group>";
		};
		7F6E6CF214D6CB9800033C65 /* Resources */ = {
			isa = PBXGroup;
			children = (
				7F6E6CF314D6CB9800033C65 /* Images */,
				7F6E6CF414D6CB9800033C65 /* Sounds */,
			);
			path = Resources;
			sourceTree = "<group>";
		};
		7F6E6CF314D6CB9800033C65 /* Images */ = {
			isa = PBXGroup;
			children = (
			);
			path = Images;
			sourceTree = "<group>";
		};
		7F6E6CF414D6CB9800033C65 /* Sounds */ = {
			isa = PBXGroup;
			children = (
			);
			path = Sounds;
			sourceTree = "<group>";
		};
		7F6E6CF514D6CB9800033C65 /* Thirdparties */ = {
			isa = PBXGroup;
			children = (
			);
			path = Thirdparties;
			sourceTree = "<group>";
		};
		7F6E6CF614D6CB9800033C65 /* Views */ = {
			isa = PBXGroup;
			children = (
				7F6E6CF714D6CB9800033C65 /* Xibs */,
			);
			path = Views;
			sourceTree = "<group>";
		};
		7F6E6CF714D6CB9800033C65 /* Xibs */ = {
			isa = PBXGroup;
			children = (
			);
			path = Xibs;
			sourceTree = "<group>";
		};
/* End PBXGroup section */

/* Begin PBXNativeTarget section */
		7F6E6CB314D6CAA600033C65 /* Pokemon */ = {
			isa = PBXNativeTarget;
			buildConfigurationList = 7F6E6CE714D6CAA700033C65 /* Build configuration list for PBXNativeTarget "Pokemon" */;
			buildPhases = (
				7F6E6CB014D6CAA600033C65 /* Sources */,
				7F6E6CB114D6CAA600033C65 /* Frameworks */,
				7F6E6CB214D6CAA600033C65 /* Resources */,
			);
			buildRules = (
			);
			dependencies = (
			);
			name = Pokemon;
			productName = Pokemon;
			productReference = 7F6E6CB414D6CAA600033C65 /* Pokemon.app */;
			productType = "com.apple.product-type.application";
		};
		7F6E6CD314D6CAA700033C65 /* PokemonTests */ = {
			isa = PBXNativeTarget;
			buildConfigurationList = 7F6E6CEA14D6CAA700033C65 /* Build configuration list for PBXNativeTarget "PokemonTests" */;
			buildPhases = (
				7F6E6CCF14D6CAA700033C65 /* Sources */,
				7F6E6CD014D6CAA700033C65 /* Frameworks */,
				7F6E6CD114D6CAA700033C65 /* Resources */,
				7F6E6CD214D6CAA700033C65 /* ShellScript */,
			);
			buildRules = (
			);
			dependencies = (
				7F6E6CDB14D6CAA700033C65 /* PBXTargetDependency */,
			);
			name = PokemonTests;
			productName = PokemonTests;
			productReference = 7F6E6CD414D6CAA700033C65 /* PokemonTests.octest */;
			productType = "com.apple.product-type.bundle";
		};
/* End PBXNativeTarget section */

/* Begin PBXProject section */
		7F6E6CAB14D6CAA600033C65 /* Project object */ = {
			isa = PBXProject;
			attributes = {
				LastUpgradeCheck = 0420;
				ORGANIZATIONNAME = Kjuly;
			};
			buildConfigurationList = 7F6E6CAE14D6CAA600033C65 /* Build configuration list for PBXProject "Pokemon" */;
			compatibilityVersion = "Xcode 3.2";
			developmentRegion = English;
			hasScannedForEncodings = 0;
			knownRegions = (
				en,
			);
			mainGroup = 7F6E6CA914D6CAA600033C65;
			productRefGroup = 7F6E6CB514D6CAA600033C65 /* Products */;
			projectDirPath = "";
			projectRoot = "";
			targets = (
				7F6E6CB314D6CAA600033C65 /* Pokemon */,
				7F6E6CD314D6CAA700033C65 /* PokemonTests */,
			);
		};
/* End PBXProject section */

/* Begin PBXResourcesBuildPhase section */
		7F6E6CB214D6CAA600033C65 /* Resources */ = {
			isa = PBXResourcesBuildPhase;
			buildActionMask = 2147483647;
			files = (
				7F6E6CC514D6CAA600033C65 /* InfoPlist.strings in Resources */,
			);
			runOnlyForDeploymentPostprocessing = 0;
		};
		7F6E6CD114D6CAA700033C65 /* Resources */ = {
			isa = PBXResourcesBuildPhase;
			buildActionMask = 2147483647;
			files = (
				7F6E6CE114D6CAA700033C65 /* InfoPlist.strings in Resources */,
			);
			runOnlyForDeploymentPostprocessing = 0;
		};
/* End PBXResourcesBuildPhase section */

/* Begin PBXShellScriptBuildPhase section */
		7F6E6CD214D6CAA700033C65 /* ShellScript */ = {
			isa = PBXShellScriptBuildPhase;
			buildActionMask = 2147483647;
			files = (
			);
			inputPaths = (
			);
			outputPaths = (
			);
			runOnlyForDeploymentPostprocessing = 0;
			shellPath = /bin/sh;
			shellScript = "# Run the unit tests in this test bundle.\n\"${SYSTEM_DEVELOPER_DIR}/Tools/RunUnitTests\"\n";
		};
/* End PBXShellScriptBuildPhase section */

/* Begin PBXSourcesBuildPhase section */
		7F6E6CB014D6CAA600033C65 /* Sources */ = {
			isa = PBXSourcesBuildPhase;
			buildActionMask = 2147483647;
			files = (
				7F6E6CC714D6CAA600033C65 /* main.m in Sources */,
				7F6E6CCE14D6CAA600033C65 /* Pokemon.xcdatamodeld in Sources */,
				7F6E6CF814D6CB9800033C65 /* AppDelegate.m in Sources */,
			);
			runOnlyForDeploymentPostprocessing = 0;
		};
		7F6E6CCF14D6CAA700033C65 /* Sources */ = {
			isa = PBXSourcesBuildPhase;
			buildActionMask = 2147483647;
			files = (
				7F6E6CE414D6CAA700033C65 /* PokemonTests.m in Sources */,
			);
			runOnlyForDeploymentPostprocessing = 0;
		};
/* End PBXSourcesBuildPhase section */

/* Begin PBXTargetDependency section */
		7F6E6CDB14D6CAA700033C65 /* PBXTargetDependency */ = {
			isa = PBXTargetDependency;
			target = 7F6E6CB314D6CAA600033C65 /* Pokemon */;
			targetProxy = 7F6E6CDA14D6CAA700033C65 /* PBXContainerItemProxy */;
		};
/* End PBXTargetDependency section */

/* Begin PBXVariantGroup section */
		7F6E6CC314D6CAA600033C65 /* InfoPlist.strings */ = {
			isa = PBXVariantGroup;
			children = (
				7F6E6CC414D6CAA600033C65 /* en */,
			);
			name = InfoPlist.strings;
			sourceTree = "<group>";
		};
		7F6E6CDF14D6CAA700033C65 /* InfoPlist.strings */ = {
			isa = PBXVariantGroup;
			children = (
				7F6E6CE014D6CAA700033C65 /* en */,
			);
			name = InfoPlist.strings;
			sourceTree = "<group>";
		};
/* End PBXVariantGroup section */

/* Begin XCBuildConfiguration section */
		7F6E6CE514D6CAA700033C65 /* Debug */ = {
			isa = XCBuildConfiguration;
			buildSettings = {
				ALWAYS_SEARCH_USER_PATHS = NO;
				ARCHS = "$(ARCHS_STANDARD_32_BIT)";
				"CODE_SIGN_IDENTITY[sdk=iphoneos*]" = "iPhone Developer";
				COPY_PHASE_STRIP = NO;
				GCC_C_LANGUAGE_STANDARD = gnu99;
				GCC_DYNAMIC_NO_PIC = NO;
				GCC_OPTIMIZATION_LEVEL = 0;
				GCC_PREPROCESSOR_DEFINITIONS = (
					"DEBUG=1",
					"$(inherited)",
				);
				GCC_SYMBOLS_PRIVATE_EXTERN = NO;
				GCC_VERSION = com.apple.compilers.llvm.clang.1_0;
				GCC_WARN_ABOUT_MISSING_PROTOTYPES = YES;
				GCC_WARN_ABOUT_RETURN_TYPE = YES;
				GCC_WARN_UNUSED_VARIABLE = YES;
				IPHONEOS_DEPLOYMENT_TARGET = 5.0;
				SDKROOT = iphoneos;
				TARGETED_DEVICE_FAMILY = "1,2";
			};
			name = Debug;
		};
		7F6E6CE614D6CAA700033C65 /* Release */ = {
			isa = XCBuildConfiguration;
			buildSettings = {
				ALWAYS_SEARCH_USER_PATHS = NO;
				ARCHS = "$(ARCHS_STANDARD_32_BIT)";
				"CODE_SIGN_IDENTITY[sdk=iphoneos*]" = "iPhone Developer";
				COPY_PHASE_STRIP = YES;
				GCC_C_LANGUAGE_STANDARD = gnu99;
				GCC_VERSION = com.apple.compilers.llvm.clang.1_0;
				GCC_WARN_ABOUT_MISSING_PROTOTYPES = YES;
				GCC_WARN_ABOUT_RETURN_TYPE = YES;
				GCC_WARN_UNUSED_VARIABLE = YES;
				IPHONEOS_DEPLOYMENT_TARGET = 5.0;
				OTHER_CFLAGS = "-DNS_BLOCK_ASSERTIONS=1";
				SDKROOT = iphoneos;
				TARGETED_DEVICE_FAMILY = "1,2";
				VALIDATE_PRODUCT = YES;
			};
			name = Release;
		};
		7F6E6CE814D6CAA700033C65 /* Debug */ = {
			isa = XCBuildConfiguration;
			buildSettings = {
				GCC_PRECOMPILE_PREFIX_HEADER = YES;
				GCC_PREFIX_HEADER = "Pokemon/Pokemon-Prefix.pch";
				INFOPLIST_FILE = "Pokemon/Pokemon-Info.plist";
				PRODUCT_NAME = "$(TARGET_NAME)";
				WRAPPER_EXTENSION = app;
			};
			name = Debug;
		};
		7F6E6CE914D6CAA700033C65 /* Release */ = {
			isa = XCBuildConfiguration;
			buildSettings = {
				GCC_PRECOMPILE_PREFIX_HEADER = YES;
				GCC_PREFIX_HEADER = "Pokemon/Pokemon-Prefix.pch";
				INFOPLIST_FILE = "Pokemon/Pokemon-Info.plist";
				PRODUCT_NAME = "$(TARGET_NAME)";
				WRAPPER_EXTENSION = app;
			};
			name = Release;
		};
		7F6E6CEB14D6CAA700033C65 /* Debug */ = {
			isa = XCBuildConfiguration;
			buildSettings = {
				BUNDLE_LOADER = "$(BUILT_PRODUCTS_DIR)/Pokemon.app/Pokemon";
				FRAMEWORK_SEARCH_PATHS = (
					"$(SDKROOT)/Developer/Library/Frameworks",
					"$(DEVELOPER_LIBRARY_DIR)/Frameworks",
				);
				GCC_PRECOMPILE_PREFIX_HEADER = YES;
				GCC_PREFIX_HEADER = "Pokemon/Pokemon-Prefix.pch";
				INFOPLIST_FILE = "PokemonTests/PokemonTests-Info.plist";
				PRODUCT_NAME = "$(TARGET_NAME)";
				TEST_HOST = "$(BUNDLE_LOADER)";
				WRAPPER_EXTENSION = octest;
			};
			name = Debug;
		};
		7F6E6CEC14D6CAA700033C65 /* Release */ = {
			isa = XCBuildConfiguration;
			buildSettings = {
				BUNDLE_LOADER = "$(BUILT_PRODUCTS_DIR)/Pokemon.app/Pokemon";
				FRAMEWORK_SEARCH_PATHS = (
					"$(SDKROOT)/Developer/Library/Frameworks",
					"$(DEVELOPER_LIBRARY_DIR)/Frameworks",
				);
				GCC_PRECOMPILE_PREFIX_HEADER = YES;
				GCC_PREFIX_HEADER = "Pokemon/Pokemon-Prefix.pch";
				INFOPLIST_FILE = "PokemonTests/PokemonTests-Info.plist";
				PRODUCT_NAME = "$(TARGET_NAME)";
				TEST_HOST = "$(BUNDLE_LOADER)";
				WRAPPER_EXTENSION = octest;
			};
			name = Release;
		};
/* End XCBuildConfiguration section */

/* Begin XCConfigurationList section */
		7F6E6CAE14D6CAA600033C65 /* Build configuration list for PBXProject "Pokemon" */ = {
			isa = XCConfigurationList;
			buildConfigurations = (
				7F6E6CE514D6CAA700033C65 /* Debug */,
				7F6E6CE614D6CAA700033C65 /* Release */,
			);
			defaultConfigurationIsVisible = 0;
			defaultConfigurationName = Release;
		};
		7F6E6CE714D6CAA700033C65 /* Build configuration list for PBXNativeTarget "Pokemon" */ = {
			isa = XCConfigurationList;
			buildConfigurations = (
				7F6E6CE814D6CAA700033C65 /* Debug */,
				7F6E6CE914D6CAA700033C65 /* Release */,
			);
			defaultConfigurationIsVisible = 0;
		};
		7F6E6CEA14D6CAA700033C65 /* Build configuration list for PBXNativeTarget "PokemonTests" */ = {
			isa = XCConfigurationList;
			buildConfigurations = (
				7F6E6CEB14D6CAA700033C65 /* Debug */,
				7F6E6CEC14D6CAA700033C65 /* Release */,
			);
			defaultConfigurationIsVisible = 0;
		};
/* End XCConfigurationList section */

/* Begin XCVersionGroup section */
		7F6E6CCC14D6CAA600033C65 /* Pokemon.xcdatamodeld */ = {
			isa = XCVersionGroup;
			children = (
				7F6E6CCD14D6CAA600033C65 /* Pokemon.xcdatamodel */,
			);
			currentVersion = 7F6E6CCD14D6CAA600033C65 /* Pokemon.xcdatamodel */;
			name = Pokemon.xcdatamodeld;
			path = ../Pokemon.xcdatamodeld;
			sourceTree = "<group>";
			versionGroupType = wrapper.xcdatamodel;
		};
/* End XCVersionGroup section */
	};
	rootObject = 7F6E6CAB14D6CAA600033C65 /* Project object */;
}
