// !$*UTF8*$!
{
	archiveVersion = 1;
	classes = {
	};
	objectVersion = 46;
	objects = {

/* Begin PBXBuildFile section */
		7F0A484C14E63118001C62A0 /* BagItemIcon_BattleItems.png in Resources */ = {isa = PBXBuildFile; fileRef = 7F0A484414E63118001C62A0 /* BagItemIcon_BattleItems.png */; };
		7F0A484D14E63118001C62A0 /* BagItemIcon_Berries.png in Resources */ = {isa = PBXBuildFile; fileRef = 7F0A484514E63118001C62A0 /* BagItemIcon_Berries.png */; };
		7F0A484E14E63118001C62A0 /* BagItemIcon_Items.png in Resources */ = {isa = PBXBuildFile; fileRef = 7F0A484614E63118001C62A0 /* BagItemIcon_Items.png */; };
		7F0A484F14E63118001C62A0 /* BagItemIcon_KeyItems.png in Resources */ = {isa = PBXBuildFile; fileRef = 7F0A484714E63118001C62A0 /* BagItemIcon_KeyItems.png */; };
		7F0A485014E63118001C62A0 /* BagItemIcon_Mail.png in Resources */ = {isa = PBXBuildFile; fileRef = 7F0A484814E63118001C62A0 /* BagItemIcon_Mail.png */; };
		7F0A485114E63118001C62A0 /* BagItemIcon_Medicine.png in Resources */ = {isa = PBXBuildFile; fileRef = 7F0A484914E63118001C62A0 /* BagItemIcon_Medicine.png */; };
		7F0A485214E63118001C62A0 /* BagItemIcon_Pokeballs.png in Resources */ = {isa = PBXBuildFile; fileRef = 7F0A484A14E63118001C62A0 /* BagItemIcon_Pokeballs.png */; };
		7F0A485314E63118001C62A0 /* BagItemIcon_TMsHMs.png in Resources */ = {isa = PBXBuildFile; fileRef = 7F0A484B14E63118001C62A0 /* BagItemIcon_TMsHMs.png */; };
		7F0A485714E636E5001C62A0 /* BagTableViewCellBackground.png in Resources */ = {isa = PBXBuildFile; fileRef = 7F0A485514E636E5001C62A0 /* BagTableViewCellBackground.png */; };
		7F0A485814E636E5001C62A0 /* BagTableViewCellBackground@2x.png in Resources */ = {isa = PBXBuildFile; fileRef = 7F0A485614E636E5001C62A0 /* BagTableViewCellBackground@2x.png */; };
		7F0A485B14E671DD001C62A0 /* PokemonDetailImageBackground.png in Resources */ = {isa = PBXBuildFile; fileRef = 7F0A485914E671DD001C62A0 /* PokemonDetailImageBackground.png */; };
		7F0A485C14E671DD001C62A0 /* PokemonDetailImageBackground@2x.png in Resources */ = {isa = PBXBuildFile; fileRef = 7F0A485A14E671DD001C62A0 /* PokemonDetailImageBackground@2x.png */; };
		7F0A485F14E67DAF001C62A0 /* PokemonDetailDescriptionBackground.png in Resources */ = {isa = PBXBuildFile; fileRef = 7F0A485D14E67DAE001C62A0 /* PokemonDetailDescriptionBackground.png */; };
		7F0A486014E67DAF001C62A0 /* PokemonDetailDescriptionBackground@2x.png in Resources */ = {isa = PBXBuildFile; fileRef = 7F0A485E14E67DAE001C62A0 /* PokemonDetailDescriptionBackground@2x.png */; };
		7F0E513C14DFC3D4006F7477 /* BagTableViewController.m in Sources */ = {isa = PBXBuildFile; fileRef = 7F0E513B14DFC3D4006F7477 /* BagTableViewController.m */; };
		7F0E514014DFC75B006F7477 /* BagItemTableViewController.m in Sources */ = {isa = PBXBuildFile; fileRef = 7F0E513F14DFC75B006F7477 /* BagItemTableViewController.m */; };
		7F0E514614DFC9AB006F7477 /* BagItems.plist in Resources */ = {isa = PBXBuildFile; fileRef = 7F0E514514DFC9AB006F7477 /* BagItems.plist */; };
		7F0E514E14DFCA5C006F7477 /* BagBattleItems.plist in Resources */ = {isa = PBXBuildFile; fileRef = 7F0E514714DFCA5C006F7477 /* BagBattleItems.plist */; };
		7F0E514F14DFCA5C006F7477 /* BagBerries.plist in Resources */ = {isa = PBXBuildFile; fileRef = 7F0E514814DFCA5C006F7477 /* BagBerries.plist */; };
		7F0E515014DFCA5C006F7477 /* BagKeyItems.plist in Resources */ = {isa = PBXBuildFile; fileRef = 7F0E514914DFCA5C006F7477 /* BagKeyItems.plist */; };
		7F0E515114DFCA5C006F7477 /* BagMail.plist in Resources */ = {isa = PBXBuildFile; fileRef = 7F0E514A14DFCA5C006F7477 /* BagMail.plist */; };
		7F0E515214DFCA5C006F7477 /* BagMedicine.plist in Resources */ = {isa = PBXBuildFile; fileRef = 7F0E514B14DFCA5C006F7477 /* BagMedicine.plist */; };
		7F0E515314DFCA5C006F7477 /* BagPokeballs.plist in Resources */ = {isa = PBXBuildFile; fileRef = 7F0E514C14DFCA5C006F7477 /* BagPokeballs.plist */; };
		7F0E515414DFCA5C006F7477 /* BagTMsHMs.plist in Resources */ = {isa = PBXBuildFile; fileRef = 7F0E514D14DFCA5C006F7477 /* BagTMsHMs.plist */; };
		7F2EFB7014DE48890068F681 /* Pokedex.plist in Resources */ = {isa = PBXBuildFile; fileRef = 7F2EFB6F14DE48890068F681 /* Pokedex.plist */; };
		7F2EFB7314DE5F370068F681 /* PListParser.m in Sources */ = {isa = PBXBuildFile; fileRef = 7F2EFB7214DE5F370068F681 /* PListParser.m */; };
		7F2EFB7614DE78250068F681 /* GenerationOne.png in Resources */ = {isa = PBXBuildFile; fileRef = 7F2EFB7514DE78250068F681 /* GenerationOne.png */; };
		7F2EFB7C14DE9FDB0068F681 /* PokedexDefaultImage.png in Resources */ = {isa = PBXBuildFile; fileRef = 7F2EFB7B14DE9FDB0068F681 /* PokedexDefaultImage.png */; };
		7F39A2F314DD07DA00C77485 /* DataDecoder.m in Sources */ = {isa = PBXBuildFile; fileRef = 7F39A2F214DD07DA00C77485 /* DataDecoder.m */; };
		7F4A3D0E14DECDE70017F336 /* PokemonDetailTabViewController.m in Sources */ = {isa = PBXBuildFile; fileRef = 7F4A3D0D14DECDE70017F336 /* PokemonDetailTabViewController.m */; };
		7F4AC7FF14E7FBE500A10434 /* CoreLocation.framework in Frameworks */ = {isa = PBXBuildFile; fileRef = 7F4AC7FE14E7FBE500A10434 /* CoreLocation.framework */; };
		7F4AC80714E824C700A10434 /* PoketchStepsViewController.m in Sources */ = {isa = PBXBuildFile; fileRef = 7F4AC80614E824C700A10434 /* PoketchStepsViewController.m */; };
		7F51C3D714D7C4DF0091902D /* MainViewController.m in Sources */ = {isa = PBXBuildFile; fileRef = 7F51C3D614D7C4DF0091902D /* MainViewController.m */; };
		7F51C40814D7D3C60091902D /* MapViewController.m in Sources */ = {isa = PBXBuildFile; fileRef = 7F51C40714D7D3C60091902D /* MapViewController.m */; };
		7F51C41514D7D4E60091902D /* MapKit.framework in Frameworks */ = {isa = PBXBuildFile; fileRef = 7F51C41414D7D4E60091902D /* MapKit.framework */; };
		7F51C42014D7E0BF0091902D /* UtilityViewController.m in Sources */ = {isa = PBXBuildFile; fileRef = 7F51C41F14D7E0BF0091902D /* UtilityViewController.m */; };
		7F51C42914D8180D0091902D /* UtilityView_Discover.png in Resources */ = {isa = PBXBuildFile; fileRef = 7F51C42514D8180D0091902D /* UtilityView_Discover.png */; };
		7F51C42A14D8180D0091902D /* UtilityView_LocateMe.png in Resources */ = {isa = PBXBuildFile; fileRef = 7F51C42614D8180D0091902D /* UtilityView_LocateMe.png */; };
		7F51C42B14D8180D0091902D /* UtilityView_SetAccount.png in Resources */ = {isa = PBXBuildFile; fileRef = 7F51C42714D8180D0091902D /* UtilityView_SetAccount.png */; };
		7F51C42C14D8180D0091902D /* UtilityView_ShowWorld.png in Resources */ = {isa = PBXBuildFile; fileRef = 7F51C42814D8180D0091902D /* UtilityView_ShowWorld.png */; };
		7F5F0D6814E28B3600D996D4 /* NavigationBarBackgroundBlue.png in Resources */ = {isa = PBXBuildFile; fileRef = 7F5F0D6714E28B3600D996D4 /* NavigationBarBackgroundBlue.png */; };
		7F6E6CB914D6CAA600033C65 /* UIKit.framework in Frameworks */ = {isa = PBXBuildFile; fileRef = 7F6E6CB814D6CAA600033C65 /* UIKit.framework */; };
		7F6E6CBB14D6CAA600033C65 /* Foundation.framework in Frameworks */ = {isa = PBXBuildFile; fileRef = 7F6E6CBA14D6CAA600033C65 /* Foundation.framework */; };
		7F6E6CBD14D6CAA600033C65 /* CoreGraphics.framework in Frameworks */ = {isa = PBXBuildFile; fileRef = 7F6E6CBC14D6CAA600033C65 /* CoreGraphics.framework */; };
		7F6E6CBF14D6CAA600033C65 /* CoreData.framework in Frameworks */ = {isa = PBXBuildFile; fileRef = 7F6E6CBE14D6CAA600033C65 /* CoreData.framework */; };
		7F6E6CC514D6CAA600033C65 /* InfoPlist.strings in Resources */ = {isa = PBXBuildFile; fileRef = 7F6E6CC314D6CAA600033C65 /* InfoPlist.strings */; };
		7F6E6CC714D6CAA600033C65 /* main.m in Sources */ = {isa = PBXBuildFile; fileRef = 7F6E6CC614D6CAA600033C65 /* main.m */; };
		7F6E6CCE14D6CAA600033C65 /* Pokemon.xcdatamodeld in Sources */ = {isa = PBXBuildFile; fileRef = 7F6E6CCC14D6CAA600033C65 /* Pokemon.xcdatamodeld */; };
		7F6E6CD614D6CAA700033C65 /* SenTestingKit.framework in Frameworks */ = {isa = PBXBuildFile; fileRef = 7F6E6CD514D6CAA700033C65 /* SenTestingKit.framework */; };
		7F6E6CD714D6CAA700033C65 /* UIKit.framework in Frameworks */ = {isa = PBXBuildFile; fileRef = 7F6E6CB814D6CAA600033C65 /* UIKit.framework */; };
		7F6E6CD814D6CAA700033C65 /* Foundation.framework in Frameworks */ = {isa = PBXBuildFile; fileRef = 7F6E6CBA14D6CAA600033C65 /* Foundation.framework */; };
		7F6E6CD914D6CAA700033C65 /* CoreData.framework in Frameworks */ = {isa = PBXBuildFile; fileRef = 7F6E6CBE14D6CAA600033C65 /* CoreData.framework */; };
		7F6E6CE114D6CAA700033C65 /* InfoPlist.strings in Resources */ = {isa = PBXBuildFile; fileRef = 7F6E6CDF14D6CAA700033C65 /* InfoPlist.strings */; };
		7F6E6CE414D6CAA700033C65 /* PokemonTests.m in Sources */ = {isa = PBXBuildFile; fileRef = 7F6E6CE314D6CAA700033C65 /* PokemonTests.m */; };
		7F6E6CF814D6CB9800033C65 /* AppDelegate.m in Sources */ = {isa = PBXBuildFile; fileRef = 7F6E6CF014D6CB9800033C65 /* AppDelegate.m */; };
		7F8B816314E574EF0085CE22 /* PokedexTableViewCellBackground.png in Resources */ = {isa = PBXBuildFile; fileRef = 7F8B816114E574EF0085CE22 /* PokedexTableViewCellBackground.png */; };
		7F8B816414E574EF0085CE22 /* PokedexTableViewCellBackground@2x.png in Resources */ = {isa = PBXBuildFile; fileRef = 7F8B816214E574EF0085CE22 /* PokedexTableViewCellBackground@2x.png */; };
		7F8B816814E578140085CE22 /* SixPokemonsTableViewCell.m in Sources */ = {isa = PBXBuildFile; fileRef = 7F8B816714E578140085CE22 /* SixPokemonsTableViewCell.m */; };
		7F8B816B14E5786A0085CE22 /* BagTableViewCell.m in Sources */ = {isa = PBXBuildFile; fileRef = 7F8B816A14E5786A0085CE22 /* BagTableViewCell.m */; };
		7F8EFA8F14D937C000FF1055 /* UtilityBallMenuIconBig.png in Resources */ = {isa = PBXBuildFile; fileRef = 7F8EFA8D14D937C000FF1055 /* UtilityBallMenuIconBig.png */; };
		7F8EFA9414D9465E00FF1055 /* UtilityBallMenuViewController.m in Sources */ = {isa = PBXBuildFile; fileRef = 7F8EFA9314D9465E00FF1055 /* UtilityBallMenuViewController.m */; };
		7F8EFA9A14D976D100FF1055 /* PoketchTabViewController.m in Sources */ = {isa = PBXBuildFile; fileRef = 7F8EFA9914D976D000FF1055 /* PoketchTabViewController.m */; };
		7F8EFA9D14D9781500FF1055 /* CustomTabBar.m in Sources */ = {isa = PBXBuildFile; fileRef = 7F8EFA9C14D9781500FF1055 /* CustomTabBar.m */; };
		7F90C57214E517A200147718 /* PoketchTabBarIcon_Messages.png in Resources */ = {isa = PBXBuildFile; fileRef = 7F90C56A14E517A200147718 /* PoketchTabBarIcon_Messages.png */; };
		7F90C57314E517A200147718 /* PoketchTabBarIcon_Messages@2x.png in Resources */ = {isa = PBXBuildFile; fileRef = 7F90C56B14E517A200147718 /* PoketchTabBarIcon_Messages@2x.png */; };
		7F90C57614E517A200147718 /* PoketchTabBarIcon_SixPokemons.png in Resources */ = {isa = PBXBuildFile; fileRef = 7F90C56E14E517A200147718 /* PoketchTabBarIcon_SixPokemons.png */; };
		7F90C57714E517A200147718 /* PoketchTabBarIcon_SixPokemons@2x.png in Resources */ = {isa = PBXBuildFile; fileRef = 7F90C56F14E517A200147718 /* PoketchTabBarIcon_SixPokemons@2x.png */; };
		7F90C57814E517A200147718 /* PoketchTabBarIcon_Steps.png in Resources */ = {isa = PBXBuildFile; fileRef = 7F90C57014E517A200147718 /* PoketchTabBarIcon_Steps.png */; };
		7F90C57914E517A200147718 /* PoketchTabBarIcon_Steps@2x.png in Resources */ = {isa = PBXBuildFile; fileRef = 7F90C57114E517A200147718 /* PoketchTabBarIcon_Steps@2x.png */; };
		7F90C57D14E51A3800147718 /* PoketchTabBarIconDefaultMask.png in Resources */ = {isa = PBXBuildFile; fileRef = 7F90C57B14E51A3700147718 /* PoketchTabBarIconDefaultMask.png */; };
		7F90C57E14E51A3800147718 /* PoketchTabBarIconDefaultMask@2x.png in Resources */ = {isa = PBXBuildFile; fileRef = 7F90C57C14E51A3700147718 /* PoketchTabBarIconDefaultMask@2x.png */; };
		7F90C58214E51AEC00147718 /* PoketchTabBarIconSelectedMask@2x.png in Resources */ = {isa = PBXBuildFile; fileRef = 7F90C58014E51AEC00147718 /* PoketchTabBarIconSelectedMask@2x.png */; };
		7F90C58414E51B7600147718 /* PoketchTabBarIconMask.png in Resources */ = {isa = PBXBuildFile; fileRef = 7F90C58314E51B7300147718 /* PoketchTabBarIconMask.png */; };
		7F90C59714E5576600147718 /* PokemonDetail_Area.png in Resources */ = {isa = PBXBuildFile; fileRef = 7F90C59114E5576600147718 /* PokemonDetail_Area.png */; };
		7F90C59814E5576600147718 /* PokemonDetail_Area@2x.png in Resources */ = {isa = PBXBuildFile; fileRef = 7F90C59214E5576600147718 /* PokemonDetail_Area@2x.png */; };
		7F90C59914E5576600147718 /* PokemonDetail_Info.png in Resources */ = {isa = PBXBuildFile; fileRef = 7F90C59314E5576600147718 /* PokemonDetail_Info.png */; };
		7F90C59A14E5576600147718 /* PokemonDetail_Info@2x.png in Resources */ = {isa = PBXBuildFile; fileRef = 7F90C59414E5576600147718 /* PokemonDetail_Info@2x.png */; };
		7F90C59B14E5576600147718 /* PokemonDetail_Size.png in Resources */ = {isa = PBXBuildFile; fileRef = 7F90C59514E5576600147718 /* PokemonDetail_Size.png */; };
		7F90C59C14E5576600147718 /* PokemonDetail_Size@2x.png in Resources */ = {isa = PBXBuildFile; fileRef = 7F90C59614E5576600147718 /* PokemonDetail_Size@2x.png */; };
		7F90C5A414E5577500147718 /* SixPokemonsDetail_Memo.png in Resources */ = {isa = PBXBuildFile; fileRef = 7F90C59E14E5577500147718 /* SixPokemonsDetail_Memo.png */; };
		7F90C5A514E5577500147718 /* SixPokemonsDetail_Memo@2x.png in Resources */ = {isa = PBXBuildFile; fileRef = 7F90C59F14E5577500147718 /* SixPokemonsDetail_Memo@2x.png */; };
		7F90C5A614E5577500147718 /* SixPokemonsDetail_Move.png in Resources */ = {isa = PBXBuildFile; fileRef = 7F90C5A014E5577500147718 /* SixPokemonsDetail_Move.png */; };
		7F90C5A714E5577500147718 /* SixPokemonsDetail_Move@2x.png in Resources */ = {isa = PBXBuildFile; fileRef = 7F90C5A114E5577500147718 /* SixPokemonsDetail_Move@2x.png */; };
		7F90C5A814E5577500147718 /* SixPokemonsDetail_Skill.png in Resources */ = {isa = PBXBuildFile; fileRef = 7F90C5A214E5577500147718 /* SixPokemonsDetail_Skill.png */; };
		7F90C5A914E5577500147718 /* SixPokemonsDetail_Skill@2x.png in Resources */ = {isa = PBXBuildFile; fileRef = 7F90C5A314E5577500147718 /* SixPokemonsDetail_Skill@2x.png */; };
		7F90C5AC14E5592E00147718 /* CustomTabViewController.m in Sources */ = {isa = PBXBuildFile; fileRef = 7F90C5AB14E5592D00147718 /* CustomTabViewController.m */; };
		7F90C5AF14E5640B00147718 /* PokedexTableViewCell.m in Sources */ = {isa = PBXBuildFile; fileRef = 7F90C5AE14E5640B00147718 /* PokedexTableViewCell.m */; };
		7FAC496814DEE627008BAB45 /* PokemonInfoViewController.m in Sources */ = {isa = PBXBuildFile; fileRef = 7FAC496714DEE627008BAB45 /* PokemonInfoViewController.m */; };
		7FAC496C14DEE641008BAB45 /* PokemonAreaViewController.m in Sources */ = {isa = PBXBuildFile; fileRef = 7FAC496B14DEE641008BAB45 /* PokemonAreaViewController.m */; };
		7FAC496F14DEE668008BAB45 /* PokemonSizeViewController.m in Sources */ = {isa = PBXBuildFile; fileRef = 7FAC496E14DEE668008BAB45 /* PokemonSizeViewController.m */; };
		7FAC497214DEE701008BAB45 /* PokemonMoveViewController.m in Sources */ = {isa = PBXBuildFile; fileRef = 7FAC497114DEE701008BAB45 /* PokemonMoveViewController.m */; };
		7FAC497514DEE725008BAB45 /* PokemonSkillViewController.m in Sources */ = {isa = PBXBuildFile; fileRef = 7FAC497414DEE725008BAB45 /* PokemonSkillViewController.m */; };
		7FAC497814DEE74E008BAB45 /* PokemonMemoViewController.m in Sources */ = {isa = PBXBuildFile; fileRef = 7FAC497714DEE74E008BAB45 /* PokemonMemoViewController.m */; };
		7FAF625014E797BA00A14AE0 /* AllPokemonImageSmall.png in Resources */ = {isa = PBXBuildFile; fileRef = 7FAF624E14E797BA00A14AE0 /* AllPokemonImageSmall.png */; };
		7FAF625114E797BA00A14AE0 /* PokedexDefaultImage@2x.png in Resources */ = {isa = PBXBuildFile; fileRef = 7FAF624F14E797BA00A14AE0 /* PokedexDefaultImage@2x.png */; };
		7FAF625514E7984F00A14AE0 /* PoketchSixPokemonsViewController.m in Sources */ = {isa = PBXBuildFile; fileRef = 7FAF625414E7984F00A14AE0 /* PoketchSixPokemonsViewController.m */; };
		7FBAA70A14E15A2A0011DCB0 /* GlobalColor.m in Sources */ = {isa = PBXBuildFile; fileRef = 7FBAA70914E15A2A0011DCB0 /* GlobalColor.m */; };
		7FBAA71D14E177200011DCB0 /* UtilityBallMenuIcon_ShowBag.png in Resources */ = {isa = PBXBuildFile; fileRef = 7FBAA71514E177200011DCB0 /* UtilityBallMenuIcon_ShowBag.png */; };
		7FBAA71E14E177200011DCB0 /* UtilityBallMenuIcon_SetGame.png in Resources */ = {isa = PBXBuildFile; fileRef = 7FBAA71614E177200011DCB0 /* UtilityBallMenuIcon_SetGame.png */; };
		7FBAA71F14E177200011DCB0 /* UtilityBallMenuIcon_RunHotKey.png in Resources */ = {isa = PBXBuildFile; fileRef = 7FBAA71714E177200011DCB0 /* UtilityBallMenuIcon_RunHotKey.png */; };
		7FBAA72014E177200011DCB0 /* UtilityBallMenuIcon_ShowPokedex.png in Resources */ = {isa = PBXBuildFile; fileRef = 7FBAA71814E177200011DCB0 /* UtilityBallMenuIcon_ShowPokedex.png */; };
		7FBAA72114E177200011DCB0 /* UtilityBallMenuIcon_ShowPokemon.png in Resources */ = {isa = PBXBuildFile; fileRef = 7FBAA71914E177200011DCB0 /* UtilityBallMenuIcon_ShowPokemon.png */; };
		7FBAA72214E177200011DCB0 /* UtilityBallMenuIcon_ShowTrainerCard.png in Resources */ = {isa = PBXBuildFile; fileRef = 7FBAA71A14E177200011DCB0 /* UtilityBallMenuIcon_ShowTrainerCard.png */; };
		7FBAA72314E177200011DCB0 /* UtilityBallMenuIconBackgroundSmall.png in Resources */ = {isa = PBXBuildFile; fileRef = 7FBAA71B14E177200011DCB0 /* UtilityBallMenuIconBackgroundSmall.png */; };
		7FBAA72414E177200011DCB0 /* UtilityBallMenuIconBackgroundSmall@2x.png in Resources */ = {isa = PBXBuildFile; fileRef = 7FBAA71C14E177200011DCB0 /* UtilityBallMenuIconBackgroundSmall@2x.png */; };
		7FBB60AD14E6A51000C24BA5 /* UserAvatar.png in Resources */ = {isa = PBXBuildFile; fileRef = 7FBB60AC14E6A51000C24BA5 /* UserAvatar.png */; };
		7FBB60B114E6A6B500C24BA5 /* TrainerInfoViewController.m in Sources */ = {isa = PBXBuildFile; fileRef = 7FBB60B014E6A6B300C24BA5 /* TrainerInfoViewController.m */; };
		7FBB60B914E6A95F00C24BA5 /* TrainerCardTabIcon_Badges.png in Resources */ = {isa = PBXBuildFile; fileRef = 7FBB60B514E6A94B00C24BA5 /* TrainerCardTabIcon_Badges.png */; };
		7FBB60BA14E6A95F00C24BA5 /* TrainerCardTabIcon_Badges@2x.png in Resources */ = {isa = PBXBuildFile; fileRef = 7FBB60B614E6A94D00C24BA5 /* TrainerCardTabIcon_Badges@2x.png */; };
		7FBB60BB14E6A95F00C24BA5 /* TrainerCardTabIcon_Info.png in Resources */ = {isa = PBXBuildFile; fileRef = 7FBB60B714E6A95100C24BA5 /* TrainerCardTabIcon_Info.png */; };
		7FBB60BC14E6A95F00C24BA5 /* TrainerCardTabIcon_Info@2x.png in Resources */ = {isa = PBXBuildFile; fileRef = 7FBB60B814E6A95700C24BA5 /* TrainerCardTabIcon_Info@2x.png */; };
		7FBB60C414E6BB8700C24BA5 /* TrainerBadgesTableViewController.m in Sources */ = {isa = PBXBuildFile; fileRef = 7FBB60C314E6BB8700C24BA5 /* TrainerBadgesTableViewController.m */; };
		7FBB60CD14E6C31700C24BA5 /* gymLeaderImage_1.png in Resources */ = {isa = PBXBuildFile; fileRef = 7FBB60C514E6C31600C24BA5 /* gymLeaderImage_1.png */; };
		7FBB60CE14E6C31700C24BA5 /* gymLeaderImage_2.png in Resources */ = {isa = PBXBuildFile; fileRef = 7FBB60C614E6C31600C24BA5 /* gymLeaderImage_2.png */; };
		7FBB60CF14E6C31700C24BA5 /* gymLeaderImage_3.png in Resources */ = {isa = PBXBuildFile; fileRef = 7FBB60C714E6C31700C24BA5 /* gymLeaderImage_3.png */; };
		7FBB60D014E6C31700C24BA5 /* gymLeaderImage_4.png in Resources */ = {isa = PBXBuildFile; fileRef = 7FBB60C814E6C31700C24BA5 /* gymLeaderImage_4.png */; };
		7FBB60D114E6C31700C24BA5 /* gymLeaderImage_5.png in Resources */ = {isa = PBXBuildFile; fileRef = 7FBB60C914E6C31700C24BA5 /* gymLeaderImage_5.png */; };
		7FBB60D214E6C31700C24BA5 /* gymLeaderImage_6.png in Resources */ = {isa = PBXBuildFile; fileRef = 7FBB60CA14E6C31700C24BA5 /* gymLeaderImage_6.png */; };
		7FBB60D314E6C31700C24BA5 /* gymLeaderImage_7.png in Resources */ = {isa = PBXBuildFile; fileRef = 7FBB60CB14E6C31700C24BA5 /* gymLeaderImage_7.png */; };
		7FBB60D414E6C31700C24BA5 /* gymLeaderImage_8.png in Resources */ = {isa = PBXBuildFile; fileRef = 7FBB60CC14E6C31700C24BA5 /* gymLeaderImage_8.png */; };
		7FBB60D714E6C37D00C24BA5 /* TrainerBadgesTableViewCell.m in Sources */ = {isa = PBXBuildFile; fileRef = 7FBB60D614E6C37C00C24BA5 /* TrainerBadgesTableViewCell.m */; };
		7FBD73DB14E3B58E00965CED /* CustomNavigationBar_backButton.png in Resources */ = {isa = PBXBuildFile; fileRef = 7FBD73DA14E3B58E00965CED /* CustomNavigationBar_backButton.png */; };
		7FBD73DE14E3C14000965CED /* UtilityBarBackground.png in Resources */ = {isa = PBXBuildFile; fileRef = 7FBD73DC14E3C14000965CED /* UtilityBarBackground.png */; };
		7FBD73DF14E3C14000965CED /* UtilityBarBackground@2x.png in Resources */ = {isa = PBXBuildFile; fileRef = 7FBD73DD14E3C14000965CED /* UtilityBarBackground@2x.png */; };
		7FBD73E214E3DD4900965CED /* UtilityBarButtonBackground.png in Resources */ = {isa = PBXBuildFile; fileRef = 7FBD73E014E3DD4800965CED /* UtilityBarButtonBackground.png */; };
		7FBD73E314E3DD4900965CED /* UtilityBarButtonBackground@2x.png in Resources */ = {isa = PBXBuildFile; fileRef = 7FBD73E114E3DD4900965CED /* UtilityBarButtonBackground@2x.png */; };
		7FBD73E614E3E7B900965CED /* UtilityBallMenuIcon.png in Resources */ = {isa = PBXBuildFile; fileRef = 7FBD73E414E3E7B800965CED /* UtilityBallMenuIcon.png */; };
		7FBD73E714E3E7B900965CED /* UtilityBallMenuIcon@2x.png in Resources */ = {isa = PBXBuildFile; fileRef = 7FBD73E514E3E7B900965CED /* UtilityBallMenuIcon@2x.png */; };
		7FBD73E914E3EF1300965CED /* CustomNavigationBar_backButton@2x.png in Resources */ = {isa = PBXBuildFile; fileRef = 7FBD73E814E3EF1300965CED /* CustomNavigationBar_backButton@2x.png */; };
		7FBD73EC14E3F1EC00965CED /* CustomNavigationBar_backButtonToRoot.png in Resources */ = {isa = PBXBuildFile; fileRef = 7FBD73EA14E3F1EB00965CED /* CustomNavigationBar_backButtonToRoot.png */; };
		7FBD73ED14E3F1EC00965CED /* CustomNavigationBar_backButtonToRoot@2x.png in Resources */ = {isa = PBXBuildFile; fileRef = 7FBD73EB14E3F1EB00965CED /* CustomNavigationBar_backButtonToRoot@2x.png */; };
		7FBD73F014E40CF600965CED /* SixPokemonsTableViewController.m in Sources */ = {isa = PBXBuildFile; fileRef = 7FBD73EF14E40CF400965CED /* SixPokemonsTableViewController.m */; };
		7FBD73F314E41AEB00965CED /* TrainerCardViewController.m in Sources */ = {isa = PBXBuildFile; fileRef = 7FBD73F214E41AEA00965CED /* TrainerCardViewController.m */; };
		7FBD73F614E41C9300965CED /* GameSettingTableViewController.m in Sources */ = {isa = PBXBuildFile; fileRef = 7FBD73F514E41C9200965CED /* GameSettingTableViewController.m */; };
		7FE2BA9714DAA3F800419825 /* CustomNavigationController.m in Sources */ = {isa = PBXBuildFile; fileRef = 7FE2BA9614DAA3F800419825 /* CustomNavigationController.m */; };
		7FE2BA9B14DAA50000419825 /* CustomNavigationController.xib in Resources */ = {isa = PBXBuildFile; fileRef = 7FE2BA9A14DAA50000419825 /* CustomNavigationController.xib */; };
		7FE2BA9E14DAA59500419825 /* CustomNavigationBar.m in Sources */ = {isa = PBXBuildFile; fileRef = 7FE2BA9D14DAA59500419825 /* CustomNavigationBar.m */; };
		7FE2BAA414DABCD900419825 /* CustomTableViewController.m in Sources */ = {isa = PBXBuildFile; fileRef = 7FE2BAA314DABCD900419825 /* CustomTableViewController.m */; };
		7FE2BAA614DAD91700419825 /* UtilityNavigationBarBackground.png in Resources */ = {isa = PBXBuildFile; fileRef = 7FE2BAA514DAD91700419825 /* UtilityNavigationBarBackground.png */; };
		7FE2BAA914DAE23600419825 /* PokedexTableViewController.m in Sources */ = {isa = PBXBuildFile; fileRef = 7FE2BAA814DAE23600419825 /* PokedexTableViewController.m */; };
		7FEED5BD14E4D8120010F7F2 /* GameSettingOptions.plist in Resources */ = {isa = PBXBuildFile; fileRef = 7FEED5BC14E4D8120010F7F2 /* GameSettingOptions.plist */; };
		7FEED5C414E4E8F10010F7F2 /* AccountSettingTableViewController.m in Sources */ = {isa = PBXBuildFile; fileRef = 7FEED5C314E4E8F10010F7F2 /* AccountSettingTableViewController.m */; };
		7FEED5C714E4FAA60010F7F2 /* AccountSettingTableView_CancelButton.png in Resources */ = {isa = PBXBuildFile; fileRef = 7FEED5C514E4FAA60010F7F2 /* AccountSettingTableView_CancelButton.png */; };
		7FEED5C814E4FAA60010F7F2 /* AccountSettingTableView_CancelButton@2x.png in Resources */ = {isa = PBXBuildFile; fileRef = 7FEED5C614E4FAA60010F7F2 /* AccountSettingTableView_CancelButton@2x.png */; };
		7FEED5CF14E506D30010F7F2 /* TabBarBackground.png in Resources */ = {isa = PBXBuildFile; fileRef = 7FEED5CD14E506D30010F7F2 /* TabBarBackground.png */; };
		7FEED5D014E506D30010F7F2 /* TabBarBackground@2x.png in Resources */ = {isa = PBXBuildFile; fileRef = 7FEED5CE14E506D30010F7F2 /* TabBarBackground@2x.png */; };
		7FEED5D414E50E520010F7F2 /* TabBarSelectedArrow.png in Resources */ = {isa = PBXBuildFile; fileRef = 7FEED5D214E50E4E0010F7F2 /* TabBarSelectedArrow.png */; };
		7FEED5D514E50E520010F7F2 /* TabBarSelectedArrow@2x.png in Resources */ = {isa = PBXBuildFile; fileRef = 7FEED5D314E50E500010F7F2 /* TabBarSelectedArrow@2x.png */; };
/* End PBXBuildFile section */

/* Begin PBXContainerItemProxy section */
		7F6E6CDA14D6CAA700033C65 /* PBXContainerItemProxy */ = {
			isa = PBXContainerItemProxy;
			containerPortal = 7F6E6CAB14D6CAA600033C65 /* Project object */;
			proxyType = 1;
			remoteGlobalIDString = 7F6E6CB314D6CAA600033C65;
			remoteInfo = Pokemon;
		};
/* End PBXContainerItemProxy section */

/* Begin PBXFileReference section */
		7F0A484414E63118001C62A0 /* BagItemIcon_BattleItems.png */ = {isa = PBXFileReference; lastKnownFileType = image.png; path = BagItemIcon_BattleItems.png; sourceTree = "<group>"; };
		7F0A484514E63118001C62A0 /* BagItemIcon_Berries.png */ = {isa = PBXFileReference; lastKnownFileType = image.png; path = BagItemIcon_Berries.png; sourceTree = "<group>"; };
		7F0A484614E63118001C62A0 /* BagItemIcon_Items.png */ = {isa = PBXFileReference; lastKnownFileType = image.png; path = BagItemIcon_Items.png; sourceTree = "<group>"; };
		7F0A484714E63118001C62A0 /* BagItemIcon_KeyItems.png */ = {isa = PBXFileReference; lastKnownFileType = image.png; path = BagItemIcon_KeyItems.png; sourceTree = "<group>"; };
		7F0A484814E63118001C62A0 /* BagItemIcon_Mail.png */ = {isa = PBXFileReference; lastKnownFileType = image.png; path = BagItemIcon_Mail.png; sourceTree = "<group>"; };
		7F0A484914E63118001C62A0 /* BagItemIcon_Medicine.png */ = {isa = PBXFileReference; lastKnownFileType = image.png; path = BagItemIcon_Medicine.png; sourceTree = "<group>"; };
		7F0A484A14E63118001C62A0 /* BagItemIcon_Pokeballs.png */ = {isa = PBXFileReference; lastKnownFileType = image.png; path = BagItemIcon_Pokeballs.png; sourceTree = "<group>"; };
		7F0A484B14E63118001C62A0 /* BagItemIcon_TMsHMs.png */ = {isa = PBXFileReference; lastKnownFileType = image.png; path = BagItemIcon_TMsHMs.png; sourceTree = "<group>"; };
		7F0A485514E636E5001C62A0 /* BagTableViewCellBackground.png */ = {isa = PBXFileReference; lastKnownFileType = image.png; path = BagTableViewCellBackground.png; sourceTree = "<group>"; };
		7F0A485614E636E5001C62A0 /* BagTableViewCellBackground@2x.png */ = {isa = PBXFileReference; lastKnownFileType = image.png; path = "BagTableViewCellBackground@2x.png"; sourceTree = "<group>"; };
		7F0A485914E671DD001C62A0 /* PokemonDetailImageBackground.png */ = {isa = PBXFileReference; lastKnownFileType = image.png; path = PokemonDetailImageBackground.png; sourceTree = "<group>"; };
		7F0A485A14E671DD001C62A0 /* PokemonDetailImageBackground@2x.png */ = {isa = PBXFileReference; lastKnownFileType = image.png; path = "PokemonDetailImageBackground@2x.png"; sourceTree = "<group>"; };
		7F0A485D14E67DAE001C62A0 /* PokemonDetailDescriptionBackground.png */ = {isa = PBXFileReference; lastKnownFileType = image.png; path = PokemonDetailDescriptionBackground.png; sourceTree = "<group>"; };
		7F0A485E14E67DAE001C62A0 /* PokemonDetailDescriptionBackground@2x.png */ = {isa = PBXFileReference; lastKnownFileType = image.png; path = "PokemonDetailDescriptionBackground@2x.png"; sourceTree = "<group>"; };
		7F0E513A14DFC3D3006F7477 /* BagTableViewController.h */ = {isa = PBXFileReference; fileEncoding = 4; lastKnownFileType = sourcecode.c.h; path = BagTableViewController.h; sourceTree = "<group>"; };
		7F0E513B14DFC3D4006F7477 /* BagTableViewController.m */ = {isa = PBXFileReference; fileEncoding = 4; lastKnownFileType = sourcecode.c.objc; path = BagTableViewController.m; sourceTree = "<group>"; };
		7F0E513E14DFC75A006F7477 /* BagItemTableViewController.h */ = {isa = PBXFileReference; fileEncoding = 4; lastKnownFileType = sourcecode.c.h; path = BagItemTableViewController.h; sourceTree = "<group>"; };
		7F0E513F14DFC75B006F7477 /* BagItemTableViewController.m */ = {isa = PBXFileReference; fileEncoding = 4; lastKnownFileType = sourcecode.c.objc; path = BagItemTableViewController.m; sourceTree = "<group>"; };
		7F0E514514DFC9AB006F7477 /* BagItems.plist */ = {isa = PBXFileReference; fileEncoding = 4; lastKnownFileType = text.plist.xml; path = BagItems.plist; sourceTree = "<group>"; };
		7F0E514714DFCA5C006F7477 /* BagBattleItems.plist */ = {isa = PBXFileReference; fileEncoding = 4; lastKnownFileType = text.plist.xml; path = BagBattleItems.plist; sourceTree = "<group>"; };
		7F0E514814DFCA5C006F7477 /* BagBerries.plist */ = {isa = PBXFileReference; fileEncoding = 4; lastKnownFileType = text.plist.xml; path = BagBerries.plist; sourceTree = "<group>"; };
		7F0E514914DFCA5C006F7477 /* BagKeyItems.plist */ = {isa = PBXFileReference; fileEncoding = 4; lastKnownFileType = text.plist.xml; path = BagKeyItems.plist; sourceTree = "<group>"; };
		7F0E514A14DFCA5C006F7477 /* BagMail.plist */ = {isa = PBXFileReference; fileEncoding = 4; lastKnownFileType = text.plist.xml; path = BagMail.plist; sourceTree = "<group>"; };
		7F0E514B14DFCA5C006F7477 /* BagMedicine.plist */ = {isa = PBXFileReference; fileEncoding = 4; lastKnownFileType = text.plist.xml; path = BagMedicine.plist; sourceTree = "<group>"; };
		7F0E514C14DFCA5C006F7477 /* BagPokeballs.plist */ = {isa = PBXFileReference; fileEncoding = 4; lastKnownFileType = text.plist.xml; path = BagPokeballs.plist; sourceTree = "<group>"; };
		7F0E514D14DFCA5C006F7477 /* BagTMsHMs.plist */ = {isa = PBXFileReference; fileEncoding = 4; lastKnownFileType = text.plist.xml; path = BagTMsHMs.plist; sourceTree = "<group>"; };
		7F2EFB6F14DE48890068F681 /* Pokedex.plist */ = {isa = PBXFileReference; fileEncoding = 4; lastKnownFileType = text.plist.xml; path = Pokedex.plist; sourceTree = "<group>"; };
		7F2EFB7114DE5F370068F681 /* PListParser.h */ = {isa = PBXFileReference; fileEncoding = 4; lastKnownFileType = sourcecode.c.h; path = PListParser.h; sourceTree = "<group>"; };
		7F2EFB7214DE5F370068F681 /* PListParser.m */ = {isa = PBXFileReference; fileEncoding = 4; lastKnownFileType = sourcecode.c.objc; path = PListParser.m; sourceTree = "<group>"; };
		7F2EFB7514DE78250068F681 /* GenerationOne.png */ = {isa = PBXFileReference; lastKnownFileType = image.png; path = GenerationOne.png; sourceTree = "<group>"; };
		7F2EFB7B14DE9FDB0068F681 /* PokedexDefaultImage.png */ = {isa = PBXFileReference; lastKnownFileType = image.png; path = PokedexDefaultImage.png; sourceTree = "<group>"; };
		7F39A2F114DD07DA00C77485 /* DataDecoder.h */ = {isa = PBXFileReference; fileEncoding = 4; lastKnownFileType = sourcecode.c.h; path = DataDecoder.h; sourceTree = "<group>"; };
		7F39A2F214DD07DA00C77485 /* DataDecoder.m */ = {isa = PBXFileReference; fileEncoding = 4; lastKnownFileType = sourcecode.c.objc; path = DataDecoder.m; sourceTree = "<group>"; };
		7F4A3D0C14DECDE70017F336 /* PokemonDetailTabViewController.h */ = {isa = PBXFileReference; fileEncoding = 4; lastKnownFileType = sourcecode.c.h; path = PokemonDetailTabViewController.h; sourceTree = "<group>"; };
		7F4A3D0D14DECDE70017F336 /* PokemonDetailTabViewController.m */ = {isa = PBXFileReference; fileEncoding = 4; lastKnownFileType = sourcecode.c.objc; path = PokemonDetailTabViewController.m; sourceTree = "<group>"; };
		7F4AC7FE14E7FBE500A10434 /* CoreLocation.framework */ = {isa = PBXFileReference; lastKnownFileType = wrapper.framework; name = CoreLocation.framework; path = System/Library/Frameworks/CoreLocation.framework; sourceTree = SDKROOT; };
		7F4AC80514E824C700A10434 /* PoketchStepsViewController.h */ = {isa = PBXFileReference; fileEncoding = 4; lastKnownFileType = sourcecode.c.h; path = PoketchStepsViewController.h; sourceTree = "<group>"; };
		7F4AC80614E824C700A10434 /* PoketchStepsViewController.m */ = {isa = PBXFileReference; fileEncoding = 4; lastKnownFileType = sourcecode.c.objc; path = PoketchStepsViewController.m; sourceTree = "<group>"; };
		7F51C3D514D7C4DF0091902D /* MainViewController.h */ = {isa = PBXFileReference; fileEncoding = 4; lastKnownFileType = sourcecode.c.h; path = MainViewController.h; sourceTree = "<group>"; };
		7F51C3D614D7C4DF0091902D /* MainViewController.m */ = {isa = PBXFileReference; fileEncoding = 4; lastKnownFileType = sourcecode.c.objc; path = MainViewController.m; sourceTree = "<group>"; };
		7F51C40614D7D3C60091902D /* MapViewController.h */ = {isa = PBXFileReference; fileEncoding = 4; lastKnownFileType = sourcecode.c.h; path = MapViewController.h; sourceTree = "<group>"; };
		7F51C40714D7D3C60091902D /* MapViewController.m */ = {isa = PBXFileReference; fileEncoding = 4; lastKnownFileType = sourcecode.c.objc; path = MapViewController.m; sourceTree = "<group>"; };
		7F51C41414D7D4E60091902D /* MapKit.framework */ = {isa = PBXFileReference; lastKnownFileType = wrapper.framework; name = MapKit.framework; path = System/Library/Frameworks/MapKit.framework; sourceTree = SDKROOT; };
		7F51C41E14D7E0BF0091902D /* UtilityViewController.h */ = {isa = PBXFileReference; fileEncoding = 4; lastKnownFileType = sourcecode.c.h; path = UtilityViewController.h; sourceTree = "<group>"; };
		7F51C41F14D7E0BF0091902D /* UtilityViewController.m */ = {isa = PBXFileReference; fileEncoding = 4; lastKnownFileType = sourcecode.c.objc; path = UtilityViewController.m; sourceTree = "<group>"; };
		7F51C42114D7E30A0091902D /* PoketchTabViewController.h */ = {isa = PBXFileReference; fileEncoding = 4; lastKnownFileType = sourcecode.c.h; path = PoketchTabViewController.h; sourceTree = "<group>"; };
		7F51C42414D80D100091902D /* GlobalConstants.h */ = {isa = PBXFileReference; fileEncoding = 4; lastKnownFileType = sourcecode.c.h; path = GlobalConstants.h; sourceTree = "<group>"; };
		7F51C42514D8180D0091902D /* UtilityView_Discover.png */ = {isa = PBXFileReference; lastKnownFileType = image.png; path = UtilityView_Discover.png; sourceTree = "<group>"; };
		7F51C42614D8180D0091902D /* UtilityView_LocateMe.png */ = {isa = PBXFileReference; lastKnownFileType = image.png; path = UtilityView_LocateMe.png; sourceTree = "<group>"; };
		7F51C42714D8180D0091902D /* UtilityView_SetAccount.png */ = {isa = PBXFileReference; lastKnownFileType = image.png; path = UtilityView_SetAccount.png; sourceTree = "<group>"; };
		7F51C42814D8180D0091902D /* UtilityView_ShowWorld.png */ = {isa = PBXFileReference; lastKnownFileType = image.png; path = UtilityView_ShowWorld.png; sourceTree = "<group>"; };
		7F5F0D6714E28B3600D996D4 /* NavigationBarBackgroundBlue.png */ = {isa = PBXFileReference; lastKnownFileType = image.png; path = NavigationBarBackgroundBlue.png; sourceTree = "<group>"; };
		7F6E6CB414D6CAA600033C65 /* Pokemon.app */ = {isa = PBXFileReference; explicitFileType = wrapper.application; includeInIndex = 0; path = Pokemon.app; sourceTree = BUILT_PRODUCTS_DIR; };
		7F6E6CB814D6CAA600033C65 /* UIKit.framework */ = {isa = PBXFileReference; lastKnownFileType = wrapper.framework; name = UIKit.framework; path = System/Library/Frameworks/UIKit.framework; sourceTree = SDKROOT; };
		7F6E6CBA14D6CAA600033C65 /* Foundation.framework */ = {isa = PBXFileReference; lastKnownFileType = wrapper.framework; name = Foundation.framework; path = System/Library/Frameworks/Foundation.framework; sourceTree = SDKROOT; };
		7F6E6CBC14D6CAA600033C65 /* CoreGraphics.framework */ = {isa = PBXFileReference; lastKnownFileType = wrapper.framework; name = CoreGraphics.framework; path = System/Library/Frameworks/CoreGraphics.framework; sourceTree = SDKROOT; };
		7F6E6CBE14D6CAA600033C65 /* CoreData.framework */ = {isa = PBXFileReference; lastKnownFileType = wrapper.framework; name = CoreData.framework; path = System/Library/Frameworks/CoreData.framework; sourceTree = SDKROOT; };
		7F6E6CC214D6CAA600033C65 /* Pokemon-Info.plist */ = {isa = PBXFileReference; lastKnownFileType = text.plist.xml; path = "Pokemon-Info.plist"; sourceTree = "<group>"; };
		7F6E6CC414D6CAA600033C65 /* en */ = {isa = PBXFileReference; lastKnownFileType = text.plist.strings; name = en; path = en.lproj/InfoPlist.strings; sourceTree = "<group>"; };
		7F6E6CC614D6CAA600033C65 /* main.m */ = {isa = PBXFileReference; lastKnownFileType = sourcecode.c.objc; path = main.m; sourceTree = "<group>"; };
		7F6E6CC814D6CAA600033C65 /* Pokemon-Prefix.pch */ = {isa = PBXFileReference; lastKnownFileType = sourcecode.c.h; path = "Pokemon-Prefix.pch"; sourceTree = "<group>"; };
		7F6E6CCD14D6CAA600033C65 /* Pokemon.xcdatamodel */ = {isa = PBXFileReference; lastKnownFileType = wrapper.xcdatamodel; path = Pokemon.xcdatamodel; sourceTree = "<group>"; };
		7F6E6CD414D6CAA700033C65 /* PokemonTests.octest */ = {isa = PBXFileReference; explicitFileType = wrapper.cfbundle; includeInIndex = 0; path = PokemonTests.octest; sourceTree = BUILT_PRODUCTS_DIR; };
		7F6E6CD514D6CAA700033C65 /* SenTestingKit.framework */ = {isa = PBXFileReference; lastKnownFileType = wrapper.framework; name = SenTestingKit.framework; path = Library/Frameworks/SenTestingKit.framework; sourceTree = DEVELOPER_DIR; };
		7F6E6CDE14D6CAA700033C65 /* PokemonTests-Info.plist */ = {isa = PBXFileReference; lastKnownFileType = text.plist.xml; path = "PokemonTests-Info.plist"; sourceTree = "<group>"; };
		7F6E6CE014D6CAA700033C65 /* en */ = {isa = PBXFileReference; lastKnownFileType = text.plist.strings; name = en; path = en.lproj/InfoPlist.strings; sourceTree = "<group>"; };
		7F6E6CE214D6CAA700033C65 /* PokemonTests.h */ = {isa = PBXFileReference; lastKnownFileType = sourcecode.c.h; path = PokemonTests.h; sourceTree = "<group>"; };
		7F6E6CE314D6CAA700033C65 /* PokemonTests.m */ = {isa = PBXFileReference; lastKnownFileType = sourcecode.c.objc; path = PokemonTests.m; sourceTree = "<group>"; };
		7F6E6CEF14D6CB9800033C65 /* AppDelegate.h */ = {isa = PBXFileReference; fileEncoding = 4; lastKnownFileType = sourcecode.c.h; path = AppDelegate.h; sourceTree = "<group>"; };
		7F6E6CF014D6CB9800033C65 /* AppDelegate.m */ = {isa = PBXFileReference; fileEncoding = 4; lastKnownFileType = sourcecode.c.objc; path = AppDelegate.m; sourceTree = "<group>"; };
		7F8B816114E574EF0085CE22 /* PokedexTableViewCellBackground.png */ = {isa = PBXFileReference; lastKnownFileType = image.png; path = PokedexTableViewCellBackground.png; sourceTree = "<group>"; };
		7F8B816214E574EF0085CE22 /* PokedexTableViewCellBackground@2x.png */ = {isa = PBXFileReference; lastKnownFileType = image.png; path = "PokedexTableViewCellBackground@2x.png"; sourceTree = "<group>"; };
		7F8B816614E578140085CE22 /* SixPokemonsTableViewCell.h */ = {isa = PBXFileReference; fileEncoding = 4; lastKnownFileType = sourcecode.c.h; path = SixPokemonsTableViewCell.h; sourceTree = "<group>"; };
		7F8B816714E578140085CE22 /* SixPokemonsTableViewCell.m */ = {isa = PBXFileReference; fileEncoding = 4; lastKnownFileType = sourcecode.c.objc; path = SixPokemonsTableViewCell.m; sourceTree = "<group>"; };
		7F8B816914E5786A0085CE22 /* BagTableViewCell.h */ = {isa = PBXFileReference; fileEncoding = 4; lastKnownFileType = sourcecode.c.h; path = BagTableViewCell.h; sourceTree = "<group>"; };
		7F8B816A14E5786A0085CE22 /* BagTableViewCell.m */ = {isa = PBXFileReference; fileEncoding = 4; lastKnownFileType = sourcecode.c.objc; path = BagTableViewCell.m; sourceTree = "<group>"; };
		7F8EFA8D14D937C000FF1055 /* UtilityBallMenuIconBig.png */ = {isa = PBXFileReference; lastKnownFileType = image.png; name = UtilityBallMenuIconBig.png; path = Pokemon/Resources/Images/UtilityBallMenuIconBig.png; sourceTree = SOURCE_ROOT; };
		7F8EFA9214D9465E00FF1055 /* UtilityBallMenuViewController.h */ = {isa = PBXFileReference; fileEncoding = 4; lastKnownFileType = sourcecode.c.h; path = UtilityBallMenuViewController.h; sourceTree = "<group>"; };
		7F8EFA9314D9465E00FF1055 /* UtilityBallMenuViewController.m */ = {isa = PBXFileReference; fileEncoding = 4; lastKnownFileType = sourcecode.c.objc; path = UtilityBallMenuViewController.m; sourceTree = "<group>"; };
		7F8EFA9914D976D000FF1055 /* PoketchTabViewController.m */ = {isa = PBXFileReference; fileEncoding = 4; lastKnownFileType = sourcecode.c.objc; path = PoketchTabViewController.m; sourceTree = "<group>"; };
		7F8EFA9B14D9781500FF1055 /* CustomTabBar.h */ = {isa = PBXFileReference; fileEncoding = 4; lastKnownFileType = sourcecode.c.h; path = CustomTabBar.h; sourceTree = "<group>"; };
		7F8EFA9C14D9781500FF1055 /* CustomTabBar.m */ = {isa = PBXFileReference; fileEncoding = 4; lastKnownFileType = sourcecode.c.objc; path = CustomTabBar.m; sourceTree = "<group>"; };
		7F90C56A14E517A200147718 /* PoketchTabBarIcon_Messages.png */ = {isa = PBXFileReference; lastKnownFileType = image.png; path = PoketchTabBarIcon_Messages.png; sourceTree = "<group>"; };
		7F90C56B14E517A200147718 /* PoketchTabBarIcon_Messages@2x.png */ = {isa = PBXFileReference; lastKnownFileType = image.png; path = "PoketchTabBarIcon_Messages@2x.png"; sourceTree = "<group>"; };
		7F90C56E14E517A200147718 /* PoketchTabBarIcon_SixPokemons.png */ = {isa = PBXFileReference; lastKnownFileType = image.png; path = PoketchTabBarIcon_SixPokemons.png; sourceTree = "<group>"; };
		7F90C56F14E517A200147718 /* PoketchTabBarIcon_SixPokemons@2x.png */ = {isa = PBXFileReference; lastKnownFileType = image.png; path = "PoketchTabBarIcon_SixPokemons@2x.png"; sourceTree = "<group>"; };
		7F90C57014E517A200147718 /* PoketchTabBarIcon_Steps.png */ = {isa = PBXFileReference; lastKnownFileType = image.png; path = PoketchTabBarIcon_Steps.png; sourceTree = "<group>"; };
		7F90C57114E517A200147718 /* PoketchTabBarIcon_Steps@2x.png */ = {isa = PBXFileReference; lastKnownFileType = image.png; path = "PoketchTabBarIcon_Steps@2x.png"; sourceTree = "<group>"; };
		7F90C57B14E51A3700147718 /* PoketchTabBarIconDefaultMask.png */ = {isa = PBXFileReference; lastKnownFileType = image.png; path = PoketchTabBarIconDefaultMask.png; sourceTree = "<group>"; };
		7F90C57C14E51A3700147718 /* PoketchTabBarIconDefaultMask@2x.png */ = {isa = PBXFileReference; lastKnownFileType = image.png; path = "PoketchTabBarIconDefaultMask@2x.png"; sourceTree = "<group>"; };
		7F90C58014E51AEC00147718 /* PoketchTabBarIconSelectedMask@2x.png */ = {isa = PBXFileReference; lastKnownFileType = image.png; path = "PoketchTabBarIconSelectedMask@2x.png"; sourceTree = "<group>"; };
		7F90C58314E51B7300147718 /* PoketchTabBarIconMask.png */ = {isa = PBXFileReference; lastKnownFileType = image.png; path = PoketchTabBarIconMask.png; sourceTree = "<group>"; };
		7F90C59114E5576600147718 /* PokemonDetail_Area.png */ = {isa = PBXFileReference; lastKnownFileType = image.png; path = PokemonDetail_Area.png; sourceTree = "<group>"; };
		7F90C59214E5576600147718 /* PokemonDetail_Area@2x.png */ = {isa = PBXFileReference; lastKnownFileType = image.png; path = "PokemonDetail_Area@2x.png"; sourceTree = "<group>"; };
		7F90C59314E5576600147718 /* PokemonDetail_Info.png */ = {isa = PBXFileReference; lastKnownFileType = image.png; path = PokemonDetail_Info.png; sourceTree = "<group>"; };
		7F90C59414E5576600147718 /* PokemonDetail_Info@2x.png */ = {isa = PBXFileReference; lastKnownFileType = image.png; path = "PokemonDetail_Info@2x.png"; sourceTree = "<group>"; };
		7F90C59514E5576600147718 /* PokemonDetail_Size.png */ = {isa = PBXFileReference; lastKnownFileType = image.png; path = PokemonDetail_Size.png; sourceTree = "<group>"; };
		7F90C59614E5576600147718 /* PokemonDetail_Size@2x.png */ = {isa = PBXFileReference; lastKnownFileType = image.png; path = "PokemonDetail_Size@2x.png"; sourceTree = "<group>"; };
		7F90C59E14E5577500147718 /* SixPokemonsDetail_Memo.png */ = {isa = PBXFileReference; lastKnownFileType = image.png; path = SixPokemonsDetail_Memo.png; sourceTree = "<group>"; };
		7F90C59F14E5577500147718 /* SixPokemonsDetail_Memo@2x.png */ = {isa = PBXFileReference; lastKnownFileType = image.png; path = "SixPokemonsDetail_Memo@2x.png"; sourceTree = "<group>"; };
		7F90C5A014E5577500147718 /* SixPokemonsDetail_Move.png */ = {isa = PBXFileReference; lastKnownFileType = image.png; path = SixPokemonsDetail_Move.png; sourceTree = "<group>"; };
		7F90C5A114E5577500147718 /* SixPokemonsDetail_Move@2x.png */ = {isa = PBXFileReference; lastKnownFileType = image.png; path = "SixPokemonsDetail_Move@2x.png"; sourceTree = "<group>"; };
		7F90C5A214E5577500147718 /* SixPokemonsDetail_Skill.png */ = {isa = PBXFileReference; lastKnownFileType = image.png; path = SixPokemonsDetail_Skill.png; sourceTree = "<group>"; };
		7F90C5A314E5577500147718 /* SixPokemonsDetail_Skill@2x.png */ = {isa = PBXFileReference; lastKnownFileType = image.png; path = "SixPokemonsDetail_Skill@2x.png"; sourceTree = "<group>"; };
		7F90C5AA14E5592C00147718 /* CustomTabViewController.h */ = {isa = PBXFileReference; fileEncoding = 4; lastKnownFileType = sourcecode.c.h; path = CustomTabViewController.h; sourceTree = "<group>"; };
		7F90C5AB14E5592D00147718 /* CustomTabViewController.m */ = {isa = PBXFileReference; fileEncoding = 4; lastKnownFileType = sourcecode.c.objc; path = CustomTabViewController.m; sourceTree = "<group>"; };
		7F90C5AD14E5640B00147718 /* PokedexTableViewCell.h */ = {isa = PBXFileReference; fileEncoding = 4; lastKnownFileType = sourcecode.c.h; path = PokedexTableViewCell.h; sourceTree = "<group>"; };
		7F90C5AE14E5640B00147718 /* PokedexTableViewCell.m */ = {isa = PBXFileReference; fileEncoding = 4; lastKnownFileType = sourcecode.c.objc; path = PokedexTableViewCell.m; sourceTree = "<group>"; };
		7FAC496614DEE627008BAB45 /* PokemonInfoViewController.h */ = {isa = PBXFileReference; fileEncoding = 4; lastKnownFileType = sourcecode.c.h; path = PokemonInfoViewController.h; sourceTree = "<group>"; };
		7FAC496714DEE627008BAB45 /* PokemonInfoViewController.m */ = {isa = PBXFileReference; fileEncoding = 4; lastKnownFileType = sourcecode.c.objc; path = PokemonInfoViewController.m; sourceTree = "<group>"; };
		7FAC496A14DEE641008BAB45 /* PokemonAreaViewController.h */ = {isa = PBXFileReference; fileEncoding = 4; lastKnownFileType = sourcecode.c.h; path = PokemonAreaViewController.h; sourceTree = "<group>"; };
		7FAC496B14DEE641008BAB45 /* PokemonAreaViewController.m */ = {isa = PBXFileReference; fileEncoding = 4; lastKnownFileType = sourcecode.c.objc; path = PokemonAreaViewController.m; sourceTree = "<group>"; };
		7FAC496D14DEE668008BAB45 /* PokemonSizeViewController.h */ = {isa = PBXFileReference; fileEncoding = 4; lastKnownFileType = sourcecode.c.h; path = PokemonSizeViewController.h; sourceTree = "<group>"; };
		7FAC496E14DEE668008BAB45 /* PokemonSizeViewController.m */ = {isa = PBXFileReference; fileEncoding = 4; lastKnownFileType = sourcecode.c.objc; path = PokemonSizeViewController.m; sourceTree = "<group>"; };
		7FAC497014DEE701008BAB45 /* PokemonMoveViewController.h */ = {isa = PBXFileReference; fileEncoding = 4; lastKnownFileType = sourcecode.c.h; path = PokemonMoveViewController.h; sourceTree = "<group>"; };
		7FAC497114DEE701008BAB45 /* PokemonMoveViewController.m */ = {isa = PBXFileReference; fileEncoding = 4; lastKnownFileType = sourcecode.c.objc; path = PokemonMoveViewController.m; sourceTree = "<group>"; };
		7FAC497314DEE725008BAB45 /* PokemonSkillViewController.h */ = {isa = PBXFileReference; fileEncoding = 4; lastKnownFileType = sourcecode.c.h; path = PokemonSkillViewController.h; sourceTree = "<group>"; };
		7FAC497414DEE725008BAB45 /* PokemonSkillViewController.m */ = {isa = PBXFileReference; fileEncoding = 4; lastKnownFileType = sourcecode.c.objc; path = PokemonSkillViewController.m; sourceTree = "<group>"; };
		7FAC497614DEE74E008BAB45 /* PokemonMemoViewController.h */ = {isa = PBXFileReference; fileEncoding = 4; lastKnownFileType = sourcecode.c.h; path = PokemonMemoViewController.h; sourceTree = "<group>"; };
		7FAC497714DEE74E008BAB45 /* PokemonMemoViewController.m */ = {isa = PBXFileReference; fileEncoding = 4; lastKnownFileType = sourcecode.c.objc; path = PokemonMemoViewController.m; sourceTree = "<group>"; };
		7FAF624E14E797BA00A14AE0 /* AllPokemonImageSmall.png */ = {isa = PBXFileReference; lastKnownFileType = image.png; path = AllPokemonImageSmall.png; sourceTree = "<group>"; };
		7FAF624F14E797BA00A14AE0 /* PokedexDefaultImage@2x.png */ = {isa = PBXFileReference; lastKnownFileType = image.png; path = "PokedexDefaultImage@2x.png"; sourceTree = "<group>"; };
		7FAF625314E7984F00A14AE0 /* PoketchSixPokemonsViewController.h */ = {isa = PBXFileReference; fileEncoding = 4; lastKnownFileType = sourcecode.c.h; path = PoketchSixPokemonsViewController.h; sourceTree = "<group>"; };
		7FAF625414E7984F00A14AE0 /* PoketchSixPokemonsViewController.m */ = {isa = PBXFileReference; fileEncoding = 4; lastKnownFileType = sourcecode.c.objc; path = PoketchSixPokemonsViewController.m; sourceTree = "<group>"; };
		7FBAA70814E15A2A0011DCB0 /* GlobalColor.h */ = {isa = PBXFileReference; fileEncoding = 4; lastKnownFileType = sourcecode.c.h; path = GlobalColor.h; sourceTree = "<group>"; };
		7FBAA70914E15A2A0011DCB0 /* GlobalColor.m */ = {isa = PBXFileReference; fileEncoding = 4; lastKnownFileType = sourcecode.c.objc; path = GlobalColor.m; sourceTree = "<group>"; };
		7FBAA71514E177200011DCB0 /* UtilityBallMenuIcon_ShowBag.png */ = {isa = PBXFileReference; lastKnownFileType = image.png; path = UtilityBallMenuIcon_ShowBag.png; sourceTree = "<group>"; };
		7FBAA71614E177200011DCB0 /* UtilityBallMenuIcon_SetGame.png */ = {isa = PBXFileReference; lastKnownFileType = image.png; path = UtilityBallMenuIcon_SetGame.png; sourceTree = "<group>"; };
		7FBAA71714E177200011DCB0 /* UtilityBallMenuIcon_RunHotKey.png */ = {isa = PBXFileReference; lastKnownFileType = image.png; path = UtilityBallMenuIcon_RunHotKey.png; sourceTree = "<group>"; };
		7FBAA71814E177200011DCB0 /* UtilityBallMenuIcon_ShowPokedex.png */ = {isa = PBXFileReference; lastKnownFileType = image.png; path = UtilityBallMenuIcon_ShowPokedex.png; sourceTree = "<group>"; };
		7FBAA71914E177200011DCB0 /* UtilityBallMenuIcon_ShowPokemon.png */ = {isa = PBXFileReference; lastKnownFileType = image.png; path = UtilityBallMenuIcon_ShowPokemon.png; sourceTree = "<group>"; };
		7FBAA71A14E177200011DCB0 /* UtilityBallMenuIcon_ShowTrainerCard.png */ = {isa = PBXFileReference; lastKnownFileType = image.png; path = UtilityBallMenuIcon_ShowTrainerCard.png; sourceTree = "<group>"; };
		7FBAA71B14E177200011DCB0 /* UtilityBallMenuIconBackgroundSmall.png */ = {isa = PBXFileReference; lastKnownFileType = image.png; path = UtilityBallMenuIconBackgroundSmall.png; sourceTree = "<group>"; };
		7FBAA71C14E177200011DCB0 /* UtilityBallMenuIconBackgroundSmall@2x.png */ = {isa = PBXFileReference; lastKnownFileType = image.png; path = "UtilityBallMenuIconBackgroundSmall@2x.png"; sourceTree = "<group>"; };
		7FBB60AC14E6A51000C24BA5 /* UserAvatar.png */ = {isa = PBXFileReference; lastKnownFileType = image.png; path = UserAvatar.png; sourceTree = "<group>"; };
		7FBB60AF14E6A6B100C24BA5 /* TrainerInfoViewController.h */ = {isa = PBXFileReference; fileEncoding = 4; lastKnownFileType = sourcecode.c.h; path = TrainerInfoViewController.h; sourceTree = "<group>"; };
		7FBB60B014E6A6B300C24BA5 /* TrainerInfoViewController.m */ = {isa = PBXFileReference; fileEncoding = 4; lastKnownFileType = sourcecode.c.objc; path = TrainerInfoViewController.m; sourceTree = "<group>"; };
		7FBB60B514E6A94B00C24BA5 /* TrainerCardTabIcon_Badges.png */ = {isa = PBXFileReference; lastKnownFileType = image.png; path = TrainerCardTabIcon_Badges.png; sourceTree = "<group>"; };
		7FBB60B614E6A94D00C24BA5 /* TrainerCardTabIcon_Badges@2x.png */ = {isa = PBXFileReference; lastKnownFileType = image.png; path = "TrainerCardTabIcon_Badges@2x.png"; sourceTree = "<group>"; };
		7FBB60B714E6A95100C24BA5 /* TrainerCardTabIcon_Info.png */ = {isa = PBXFileReference; lastKnownFileType = image.png; path = TrainerCardTabIcon_Info.png; sourceTree = "<group>"; };
		7FBB60B814E6A95700C24BA5 /* TrainerCardTabIcon_Info@2x.png */ = {isa = PBXFileReference; lastKnownFileType = image.png; path = "TrainerCardTabIcon_Info@2x.png"; sourceTree = "<group>"; };
		7FBB60C214E6BB8600C24BA5 /* TrainerBadgesTableViewController.h */ = {isa = PBXFileReference; fileEncoding = 4; lastKnownFileType = sourcecode.c.h; path = TrainerBadgesTableViewController.h; sourceTree = "<group>"; };
		7FBB60C314E6BB8700C24BA5 /* TrainerBadgesTableViewController.m */ = {isa = PBXFileReference; fileEncoding = 4; lastKnownFileType = sourcecode.c.objc; path = TrainerBadgesTableViewController.m; sourceTree = "<group>"; };
		7FBB60C514E6C31600C24BA5 /* gymLeaderImage_1.png */ = {isa = PBXFileReference; lastKnownFileType = image.png; path = gymLeaderImage_1.png; sourceTree = "<group>"; };
		7FBB60C614E6C31600C24BA5 /* gymLeaderImage_2.png */ = {isa = PBXFileReference; lastKnownFileType = image.png; path = gymLeaderImage_2.png; sourceTree = "<group>"; };
		7FBB60C714E6C31700C24BA5 /* gymLeaderImage_3.png */ = {isa = PBXFileReference; lastKnownFileType = image.png; path = gymLeaderImage_3.png; sourceTree = "<group>"; };
		7FBB60C814E6C31700C24BA5 /* gymLeaderImage_4.png */ = {isa = PBXFileReference; lastKnownFileType = image.png; path = gymLeaderImage_4.png; sourceTree = "<group>"; };
		7FBB60C914E6C31700C24BA5 /* gymLeaderImage_5.png */ = {isa = PBXFileReference; lastKnownFileType = image.png; path = gymLeaderImage_5.png; sourceTree = "<group>"; };
		7FBB60CA14E6C31700C24BA5 /* gymLeaderImage_6.png */ = {isa = PBXFileReference; lastKnownFileType = image.png; path = gymLeaderImage_6.png; sourceTree = "<group>"; };
		7FBB60CB14E6C31700C24BA5 /* gymLeaderImage_7.png */ = {isa = PBXFileReference; lastKnownFileType = image.png; path = gymLeaderImage_7.png; sourceTree = "<group>"; };
		7FBB60CC14E6C31700C24BA5 /* gymLeaderImage_8.png */ = {isa = PBXFileReference; lastKnownFileType = image.png; path = gymLeaderImage_8.png; sourceTree = "<group>"; };
		7FBB60D514E6C37C00C24BA5 /* TrainerBadgesTableViewCell.h */ = {isa = PBXFileReference; fileEncoding = 4; lastKnownFileType = sourcecode.c.h; path = TrainerBadgesTableViewCell.h; sourceTree = "<group>"; };
		7FBB60D614E6C37C00C24BA5 /* TrainerBadgesTableViewCell.m */ = {isa = PBXFileReference; fileEncoding = 4; lastKnownFileType = sourcecode.c.objc; path = TrainerBadgesTableViewCell.m; sourceTree = "<group>"; };
		7FBD73DA14E3B58E00965CED /* CustomNavigationBar_backButton.png */ = {isa = PBXFileReference; lastKnownFileType = image.png; path = CustomNavigationBar_backButton.png; sourceTree = "<group>"; };
		7FBD73DC14E3C14000965CED /* UtilityBarBackground.png */ = {isa = PBXFileReference; lastKnownFileType = image.png; path = UtilityBarBackground.png; sourceTree = "<group>"; };
		7FBD73DD14E3C14000965CED /* UtilityBarBackground@2x.png */ = {isa = PBXFileReference; lastKnownFileType = image.png; path = "UtilityBarBackground@2x.png"; sourceTree = "<group>"; };
		7FBD73E014E3DD4800965CED /* UtilityBarButtonBackground.png */ = {isa = PBXFileReference; lastKnownFileType = image.png; path = UtilityBarButtonBackground.png; sourceTree = "<group>"; };
		7FBD73E114E3DD4900965CED /* UtilityBarButtonBackground@2x.png */ = {isa = PBXFileReference; lastKnownFileType = image.png; path = "UtilityBarButtonBackground@2x.png"; sourceTree = "<group>"; };
		7FBD73E414E3E7B800965CED /* UtilityBallMenuIcon.png */ = {isa = PBXFileReference; lastKnownFileType = image.png; path = UtilityBallMenuIcon.png; sourceTree = "<group>"; };
		7FBD73E514E3E7B900965CED /* UtilityBallMenuIcon@2x.png */ = {isa = PBXFileReference; lastKnownFileType = image.png; path = "UtilityBallMenuIcon@2x.png"; sourceTree = "<group>"; };
		7FBD73E814E3EF1300965CED /* CustomNavigationBar_backButton@2x.png */ = {isa = PBXFileReference; lastKnownFileType = image.png; path = "CustomNavigationBar_backButton@2x.png"; sourceTree = "<group>"; };
		7FBD73EA14E3F1EB00965CED /* CustomNavigationBar_backButtonToRoot.png */ = {isa = PBXFileReference; lastKnownFileType = image.png; path = CustomNavigationBar_backButtonToRoot.png; sourceTree = "<group>"; };
		7FBD73EB14E3F1EB00965CED /* CustomNavigationBar_backButtonToRoot@2x.png */ = {isa = PBXFileReference; lastKnownFileType = image.png; path = "CustomNavigationBar_backButtonToRoot@2x.png"; sourceTree = "<group>"; };
		7FBD73EE14E40CF300965CED /* SixPokemonsTableViewController.h */ = {isa = PBXFileReference; fileEncoding = 4; lastKnownFileType = sourcecode.c.h; path = SixPokemonsTableViewController.h; sourceTree = "<group>"; };
		7FBD73EF14E40CF400965CED /* SixPokemonsTableViewController.m */ = {isa = PBXFileReference; fileEncoding = 4; lastKnownFileType = sourcecode.c.objc; path = SixPokemonsTableViewController.m; sourceTree = "<group>"; };
		7FBD73F114E41AE900965CED /* TrainerCardViewController.h */ = {isa = PBXFileReference; fileEncoding = 4; lastKnownFileType = sourcecode.c.h; path = TrainerCardViewController.h; sourceTree = "<group>"; };
		7FBD73F214E41AEA00965CED /* TrainerCardViewController.m */ = {isa = PBXFileReference; fileEncoding = 4; lastKnownFileType = sourcecode.c.objc; path = TrainerCardViewController.m; sourceTree = "<group>"; };
		7FBD73F414E41C9000965CED /* GameSettingTableViewController.h */ = {isa = PBXFileReference; fileEncoding = 4; lastKnownFileType = sourcecode.c.h; path = GameSettingTableViewController.h; sourceTree = "<group>"; };
		7FBD73F514E41C9200965CED /* GameSettingTableViewController.m */ = {isa = PBXFileReference; fileEncoding = 4; lastKnownFileType = sourcecode.c.objc; path = GameSettingTableViewController.m; sourceTree = "<group>"; };
		7FE2BA9614DAA3F800419825 /* CustomNavigationController.m */ = {isa = PBXFileReference; fileEncoding = 4; lastKnownFileType = sourcecode.c.objc; path = CustomNavigationController.m; sourceTree = "<group>"; };
		7FE2BA9914DAA44000419825 /* CustomNavigationController.h */ = {isa = PBXFileReference; fileEncoding = 4; lastKnownFileType = sourcecode.c.h; path = CustomNavigationController.h; sourceTree = "<group>"; };
		7FE2BA9A14DAA50000419825 /* CustomNavigationController.xib */ = {isa = PBXFileReference; fileEncoding = 4; lastKnownFileType = file.xib; path = CustomNavigationController.xib; sourceTree = "<group>"; };
		7FE2BA9C14DAA59500419825 /* CustomNavigationBar.h */ = {isa = PBXFileReference; fileEncoding = 4; lastKnownFileType = sourcecode.c.h; path = CustomNavigationBar.h; sourceTree = "<group>"; };
		7FE2BA9D14DAA59500419825 /* CustomNavigationBar.m */ = {isa = PBXFileReference; fileEncoding = 4; lastKnownFileType = sourcecode.c.objc; path = CustomNavigationBar.m; sourceTree = "<group>"; };
		7FE2BAA214DABCD900419825 /* CustomTableViewController.h */ = {isa = PBXFileReference; fileEncoding = 4; lastKnownFileType = sourcecode.c.h; path = CustomTableViewController.h; sourceTree = "<group>"; };
		7FE2BAA314DABCD900419825 /* CustomTableViewController.m */ = {isa = PBXFileReference; fileEncoding = 4; lastKnownFileType = sourcecode.c.objc; path = CustomTableViewController.m; sourceTree = "<group>"; };
		7FE2BAA514DAD91700419825 /* UtilityNavigationBarBackground.png */ = {isa = PBXFileReference; lastKnownFileType = image.png; path = UtilityNavigationBarBackground.png; sourceTree = "<group>"; };
		7FE2BAA714DAE23500419825 /* PokedexTableViewController.h */ = {isa = PBXFileReference; fileEncoding = 4; lastKnownFileType = sourcecode.c.h; path = PokedexTableViewController.h; sourceTree = "<group>"; };
		7FE2BAA814DAE23600419825 /* PokedexTableViewController.m */ = {isa = PBXFileReference; fileEncoding = 4; lastKnownFileType = sourcecode.c.objc; path = PokedexTableViewController.m; sourceTree = "<group>"; };
		7FEED5BC14E4D8120010F7F2 /* GameSettingOptions.plist */ = {isa = PBXFileReference; fileEncoding = 4; lastKnownFileType = text.plist.xml; path = GameSettingOptions.plist; sourceTree = "<group>"; };
		7FEED5C214E4E8F10010F7F2 /* AccountSettingTableViewController.h */ = {isa = PBXFileReference; fileEncoding = 4; lastKnownFileType = sourcecode.c.h; path = AccountSettingTableViewController.h; sourceTree = "<group>"; };
		7FEED5C314E4E8F10010F7F2 /* AccountSettingTableViewController.m */ = {isa = PBXFileReference; fileEncoding = 4; lastKnownFileType = sourcecode.c.objc; path = AccountSettingTableViewController.m; sourceTree = "<group>"; };
		7FEED5C514E4FAA60010F7F2 /* AccountSettingTableView_CancelButton.png */ = {isa = PBXFileReference; lastKnownFileType = image.png; name = AccountSettingTableView_CancelButton.png; path = Pokemon/Resources/Images/AccountSettingTableView_CancelButton.png; sourceTree = SOURCE_ROOT; };
		7FEED5C614E4FAA60010F7F2 /* AccountSettingTableView_CancelButton@2x.png */ = {isa = PBXFileReference; lastKnownFileType = image.png; name = "AccountSettingTableView_CancelButton@2x.png"; path = "Pokemon/Resources/Images/AccountSettingTableView_CancelButton@2x.png"; sourceTree = SOURCE_ROOT; };
		7FEED5CD14E506D30010F7F2 /* TabBarBackground.png */ = {isa = PBXFileReference; lastKnownFileType = image.png; path = TabBarBackground.png; sourceTree = "<group>"; };
		7FEED5CE14E506D30010F7F2 /* TabBarBackground@2x.png */ = {isa = PBXFileReference; lastKnownFileType = image.png; path = "TabBarBackground@2x.png"; sourceTree = "<group>"; };
		7FEED5D214E50E4E0010F7F2 /* TabBarSelectedArrow.png */ = {isa = PBXFileReference; lastKnownFileType = image.png; path = TabBarSelectedArrow.png; sourceTree = "<group>"; };
		7FEED5D314E50E500010F7F2 /* TabBarSelectedArrow@2x.png */ = {isa = PBXFileReference; lastKnownFileType = image.png; path = "TabBarSelectedArrow@2x.png"; sourceTree = "<group>"; };
/* End PBXFileReference section */

/* Begin PBXFrameworksBuildPhase section */
		7F6E6CB114D6CAA600033C65 /* Frameworks */ = {
			isa = PBXFrameworksBuildPhase;
			buildActionMask = 2147483647;
			files = (
				7F4AC7FF14E7FBE500A10434 /* CoreLocation.framework in Frameworks */,
				7F51C41514D7D4E60091902D /* MapKit.framework in Frameworks */,
				7F6E6CB914D6CAA600033C65 /* UIKit.framework in Frameworks */,
				7F6E6CBB14D6CAA600033C65 /* Foundation.framework in Frameworks */,
				7F6E6CBD14D6CAA600033C65 /* CoreGraphics.framework in Frameworks */,
				7F6E6CBF14D6CAA600033C65 /* CoreData.framework in Frameworks */,
			);
			runOnlyForDeploymentPostprocessing = 0;
		};
		7F6E6CD014D6CAA700033C65 /* Frameworks */ = {
			isa = PBXFrameworksBuildPhase;
			buildActionMask = 2147483647;
			files = (
				7F6E6CD614D6CAA700033C65 /* SenTestingKit.framework in Frameworks */,
				7F6E6CD714D6CAA700033C65 /* UIKit.framework in Frameworks */,
				7F6E6CD814D6CAA700033C65 /* Foundation.framework in Frameworks */,
				7F6E6CD914D6CAA700033C65 /* CoreData.framework in Frameworks */,
			);
			runOnlyForDeploymentPostprocessing = 0;
		};
/* End PBXFrameworksBuildPhase section */

/* Begin PBXGroup section */
		7F2EFB6D14DE48440068F681 /* PLists */ = {
			isa = PBXGroup;
			children = (
				7F2EFB6F14DE48890068F681 /* Pokedex.plist */,
				7F0E514714DFCA5C006F7477 /* BagBattleItems.plist */,
				7F0E514814DFCA5C006F7477 /* BagBerries.plist */,
				7F0E514914DFCA5C006F7477 /* BagKeyItems.plist */,
				7F0E514A14DFCA5C006F7477 /* BagMail.plist */,
				7F0E514B14DFCA5C006F7477 /* BagMedicine.plist */,
				7F0E514C14DFCA5C006F7477 /* BagPokeballs.plist */,
				7F0E514D14DFCA5C006F7477 /* BagTMsHMs.plist */,
				7F0E514514DFC9AB006F7477 /* BagItems.plist */,
				7FEED5BC14E4D8120010F7F2 /* GameSettingOptions.plist */,
			);
			path = PLists;
			sourceTree = "<group>";
		};
		7F2EFB7414DE78250068F681 /* Pokemon */ = {
			isa = PBXGroup;
			children = (
				7FAF624E14E797BA00A14AE0 /* AllPokemonImageSmall.png */,
				7FAF624F14E797BA00A14AE0 /* PokedexDefaultImage@2x.png */,
				7F2EFB7B14DE9FDB0068F681 /* PokedexDefaultImage.png */,
				7F2EFB7514DE78250068F681 /* GenerationOne.png */,
			);
			path = Pokemon;
			sourceTree = "<group>";
		};
		7F6E6CA914D6CAA600033C65 = {
			isa = PBXGroup;
			children = (
				7F6E6CC014D6CAA600033C65 /* Pokemon */,
				7F6E6CDC14D6CAA700033C65 /* PokemonTests */,
				7F6E6CB714D6CAA600033C65 /* Frameworks */,
				7F6E6CB514D6CAA600033C65 /* Products */,
			);
			sourceTree = "<group>";
		};
		7F6E6CB514D6CAA600033C65 /* Products */ = {
			isa = PBXGroup;
			children = (
				7F6E6CB414D6CAA600033C65 /* Pokemon.app */,
				7F6E6CD414D6CAA700033C65 /* PokemonTests.octest */,
			);
			name = Products;
			sourceTree = "<group>";
		};
		7F6E6CB714D6CAA600033C65 /* Frameworks */ = {
			isa = PBXGroup;
			children = (
				7F4AC7FE14E7FBE500A10434 /* CoreLocation.framework */,
				7F51C41414D7D4E60091902D /* MapKit.framework */,
				7F6E6CB814D6CAA600033C65 /* UIKit.framework */,
				7F6E6CBA14D6CAA600033C65 /* Foundation.framework */,
				7F6E6CBC14D6CAA600033C65 /* CoreGraphics.framework */,
				7F6E6CBE14D6CAA600033C65 /* CoreData.framework */,
				7F6E6CD514D6CAA700033C65 /* SenTestingKit.framework */,
			);
			name = Frameworks;
			sourceTree = "<group>";
		};
		7F6E6CC014D6CAA600033C65 /* Pokemon */ = {
			isa = PBXGroup;
			children = (
				7F6E6CEE14D6CB9800033C65 /* Delegates */,
				7F6E6CF114D6CB9800033C65 /* Models */,
				7F6E6CF614D6CB9800033C65 /* Views */,
				7F6E6CED14D6CB9800033C65 /* Controllers */,
				7F6E6CF214D6CB9800033C65 /* Resources */,
				7F6E6CF514D6CB9800033C65 /* Thirdparties */,
				7F6E6CC114D6CAA600033C65 /* Supporting Files */,
			);
			path = Pokemon;
			sourceTree = "<group>";
		};
		7F6E6CC114D6CAA600033C65 /* Supporting Files */ = {
			isa = PBXGroup;
			children = (
				7F51C42414D80D100091902D /* GlobalConstants.h */,
				7F6E6CC214D6CAA600033C65 /* Pokemon-Info.plist */,
				7F6E6CC314D6CAA600033C65 /* InfoPlist.strings */,
				7F6E6CC614D6CAA600033C65 /* main.m */,
				7F6E6CC814D6CAA600033C65 /* Pokemon-Prefix.pch */,
			);
			name = "Supporting Files";
			sourceTree = "<group>";
		};
		7F6E6CDC14D6CAA700033C65 /* PokemonTests */ = {
			isa = PBXGroup;
			children = (
				7F6E6CE214D6CAA700033C65 /* PokemonTests.h */,
				7F6E6CE314D6CAA700033C65 /* PokemonTests.m */,
				7F6E6CDD14D6CAA700033C65 /* Supporting Files */,
			);
			path = PokemonTests;
			sourceTree = "<group>";
		};
		7F6E6CDD14D6CAA700033C65 /* Supporting Files */ = {
			isa = PBXGroup;
			children = (
				7F6E6CDE14D6CAA700033C65 /* PokemonTests-Info.plist */,
				7F6E6CDF14D6CAA700033C65 /* InfoPlist.strings */,
			);
			name = "Supporting Files";
			sourceTree = "<group>";
		};
		7F6E6CED14D6CB9800033C65 /* Controllers */ = {
			isa = PBXGroup;
			children = (
				7F51C3D514D7C4DF0091902D /* MainViewController.h */,
				7F51C3D614D7C4DF0091902D /* MainViewController.m */,
				7F51C40614D7D3C60091902D /* MapViewController.h */,
				7F51C40714D7D3C60091902D /* MapViewController.m */,
				7F51C41E14D7E0BF0091902D /* UtilityViewController.h */,
				7F51C41F14D7E0BF0091902D /* UtilityViewController.m */,
				7FEED5C214E4E8F10010F7F2 /* AccountSettingTableViewController.h */,
				7FEED5C314E4E8F10010F7F2 /* AccountSettingTableViewController.m */,
				7F8EFA9214D9465E00FF1055 /* UtilityBallMenuViewController.h */,
				7F8EFA9314D9465E00FF1055 /* UtilityBallMenuViewController.m */,
				7FE2BAA714DAE23500419825 /* PokedexTableViewController.h */,
				7FE2BAA814DAE23600419825 /* PokedexTableViewController.m */,
				7F4A3D0C14DECDE70017F336 /* PokemonDetailTabViewController.h */,
				7F4A3D0D14DECDE70017F336 /* PokemonDetailTabViewController.m */,
				7FBD73EE14E40CF300965CED /* SixPokemonsTableViewController.h */,
				7FBD73EF14E40CF400965CED /* SixPokemonsTableViewController.m */,
				7FAC496614DEE627008BAB45 /* PokemonInfoViewController.h */,
				7FAC496714DEE627008BAB45 /* PokemonInfoViewController.m */,
				7FAC496A14DEE641008BAB45 /* PokemonAreaViewController.h */,
				7FAC496B14DEE641008BAB45 /* PokemonAreaViewController.m */,
				7FAC496D14DEE668008BAB45 /* PokemonSizeViewController.h */,
				7FAC496E14DEE668008BAB45 /* PokemonSizeViewController.m */,
				7FAC497614DEE74E008BAB45 /* PokemonMemoViewController.h */,
				7FAC497714DEE74E008BAB45 /* PokemonMemoViewController.m */,
				7FAC497314DEE725008BAB45 /* PokemonSkillViewController.h */,
				7FAC497414DEE725008BAB45 /* PokemonSkillViewController.m */,
				7FAC497014DEE701008BAB45 /* PokemonMoveViewController.h */,
				7FAC497114DEE701008BAB45 /* PokemonMoveViewController.m */,
				7F0E513A14DFC3D3006F7477 /* BagTableViewController.h */,
				7F0E513B14DFC3D4006F7477 /* BagTableViewController.m */,
				7F0E513E14DFC75A006F7477 /* BagItemTableViewController.h */,
				7F0E513F14DFC75B006F7477 /* BagItemTableViewController.m */,
				7FBD73F114E41AE900965CED /* TrainerCardViewController.h */,
				7FBD73F214E41AEA00965CED /* TrainerCardViewController.m */,
				7FBB60AF14E6A6B100C24BA5 /* TrainerInfoViewController.h */,
				7FBB60B014E6A6B300C24BA5 /* TrainerInfoViewController.m */,
				7FBB60C214E6BB8600C24BA5 /* TrainerBadgesTableViewController.h */,
				7FBB60C314E6BB8700C24BA5 /* TrainerBadgesTableViewController.m */,
				7FBD73F414E41C9000965CED /* GameSettingTableViewController.h */,
				7FBD73F514E41C9200965CED /* GameSettingTableViewController.m */,
				7F51C42114D7E30A0091902D /* PoketchTabViewController.h */,
				7F8EFA9914D976D000FF1055 /* PoketchTabViewController.m */,
				7FAF625314E7984F00A14AE0 /* PoketchSixPokemonsViewController.h */,
				7FAF625414E7984F00A14AE0 /* PoketchSixPokemonsViewController.m */,
				7F4AC80514E824C700A10434 /* PoketchStepsViewController.h */,
				7F4AC80614E824C700A10434 /* PoketchStepsViewController.m */,
				7F90C5AA14E5592C00147718 /* CustomTabViewController.h */,
				7F90C5AB14E5592D00147718 /* CustomTabViewController.m */,
				7FE2BA9914DAA44000419825 /* CustomNavigationController.h */,
				7FE2BA9614DAA3F800419825 /* CustomNavigationController.m */,
				7FE2BAA214DABCD900419825 /* CustomTableViewController.h */,
				7FE2BAA314DABCD900419825 /* CustomTableViewController.m */,
			);
			path = Controllers;
			sourceTree = "<group>";
		};
		7F6E6CEE14D6CB9800033C65 /* Delegates */ = {
			isa = PBXGroup;
			children = (
				7F6E6CEF14D6CB9800033C65 /* AppDelegate.h */,
				7F6E6CF014D6CB9800033C65 /* AppDelegate.m */,
			);
			path = Delegates;
			sourceTree = "<group>";
		};
		7F6E6CF114D6CB9800033C65 /* Models */ = {
			isa = PBXGroup;
			children = (
				7F6E6CCC14D6CAA600033C65 /* Pokemon.xcdatamodeld */,
				7F2EFB7114DE5F370068F681 /* PListParser.h */,
				7F2EFB7214DE5F370068F681 /* PListParser.m */,
				7F39A2F114DD07DA00C77485 /* DataDecoder.h */,
				7F39A2F214DD07DA00C77485 /* DataDecoder.m */,
				7FBAA70814E15A2A0011DCB0 /* GlobalColor.h */,
				7FBAA70914E15A2A0011DCB0 /* GlobalColor.m */,
			);
			path = Models;
			sourceTree = "<group>";
		};
		7F6E6CF214D6CB9800033C65 /* Resources */ = {
			isa = PBXGroup;
			children = (
				7F2EFB6D14DE48440068F681 /* PLists */,
				7F6E6CF314D6CB9800033C65 /* Images */,
				7F6E6CF414D6CB9800033C65 /* Sounds */,
			);
			path = Resources;
			sourceTree = "<group>";
		};
		7F6E6CF314D6CB9800033C65 /* Images */ = {
			isa = PBXGroup;
			children = (
				7FBB60AB14E6A50700C24BA5 /* tmp */,
				7FBAA71014E170430011DCB0 /* UtilityBall */,
				7F2EFB7414DE78250068F681 /* Pokemon */,
				7FE2BA9F14DAA8E000419825 /* NavigationBar */,
				7F8EFA9E14D97D9A00FF1055 /* TabBar */,
				7FBD73DC14E3C14000965CED /* UtilityBarBackground.png */,
				7FBD73DD14E3C14000965CED /* UtilityBarBackground@2x.png */,
				7FEED5C514E4FAA60010F7F2 /* AccountSettingTableView_CancelButton.png */,
				7FEED5C614E4FAA60010F7F2 /* AccountSettingTableView_CancelButton@2x.png */,
				7FBD73E014E3DD4800965CED /* UtilityBarButtonBackground.png */,
				7FBD73E114E3DD4900965CED /* UtilityBarButtonBackground@2x.png */,
				7F51C42514D8180D0091902D /* UtilityView_Discover.png */,
				7F51C42614D8180D0091902D /* UtilityView_LocateMe.png */,
				7F51C42714D8180D0091902D /* UtilityView_SetAccount.png */,
				7F51C42814D8180D0091902D /* UtilityView_ShowWorld.png */,
				7F8B816114E574EF0085CE22 /* PokedexTableViewCellBackground.png */,
				7F8B816214E574EF0085CE22 /* PokedexTableViewCellBackground@2x.png */,
			);
			path = Images;
			sourceTree = "<group>";
		};
		7F6E6CF414D6CB9800033C65 /* Sounds */ = {
			isa = PBXGroup;
			children = (
			);
			path = Sounds;
			sourceTree = "<group>";
		};
		7F6E6CF514D6CB9800033C65 /* Thirdparties */ = {
			isa = PBXGroup;
			children = (
			);
			path = Thirdparties;
			sourceTree = "<group>";
		};
		7F6E6CF614D6CB9800033C65 /* Views */ = {
			isa = PBXGroup;
			children = (
				7F6E6CF714D6CB9800033C65 /* Xibs */,
				7F8EFA9B14D9781500FF1055 /* CustomTabBar.h */,
				7F8EFA9C14D9781500FF1055 /* CustomTabBar.m */,
				7FE2BA9C14DAA59500419825 /* CustomNavigationBar.h */,
				7FE2BA9D14DAA59500419825 /* CustomNavigationBar.m */,
				7F90C5AD14E5640B00147718 /* PokedexTableViewCell.h */,
				7F90C5AE14E5640B00147718 /* PokedexTableViewCell.m */,
				7F8B816614E578140085CE22 /* SixPokemonsTableViewCell.h */,
				7F8B816714E578140085CE22 /* SixPokemonsTableViewCell.m */,
				7F8B816914E5786A0085CE22 /* BagTableViewCell.h */,
				7F8B816A14E5786A0085CE22 /* BagTableViewCell.m */,
				7FBB60D514E6C37C00C24BA5 /* TrainerBadgesTableViewCell.h */,
				7FBB60D614E6C37C00C24BA5 /* TrainerBadgesTableViewCell.m */,
			);
			path = Views;
			sourceTree = "<group>";
		};
		7F6E6CF714D6CB9800033C65 /* Xibs */ = {
			isa = PBXGroup;
			children = (
				7FE2BA9A14DAA50000419825 /* CustomNavigationController.xib */,
			);
			path = Xibs;
			sourceTree = "<group>";
		};
		7F8EFA9E14D97D9A00FF1055 /* TabBar */ = {
			isa = PBXGroup;
			children = (
				7FBB60B514E6A94B00C24BA5 /* TrainerCardTabIcon_Badges.png */,
				7FBB60B614E6A94D00C24BA5 /* TrainerCardTabIcon_Badges@2x.png */,
				7FBB60B714E6A95100C24BA5 /* TrainerCardTabIcon_Info.png */,
				7FBB60B814E6A95700C24BA5 /* TrainerCardTabIcon_Info@2x.png */,
				7F90C59E14E5577500147718 /* SixPokemonsDetail_Memo.png */,
				7F90C59F14E5577500147718 /* SixPokemonsDetail_Memo@2x.png */,
				7F90C5A014E5577500147718 /* SixPokemonsDetail_Move.png */,
				7F90C5A114E5577500147718 /* SixPokemonsDetail_Move@2x.png */,
				7F90C5A214E5577500147718 /* SixPokemonsDetail_Skill.png */,
				7F90C5A314E5577500147718 /* SixPokemonsDetail_Skill@2x.png */,
				7F90C59114E5576600147718 /* PokemonDetail_Area.png */,
				7F90C59214E5576600147718 /* PokemonDetail_Area@2x.png */,
				7F90C59314E5576600147718 /* PokemonDetail_Info.png */,
				7F90C59414E5576600147718 /* PokemonDetail_Info@2x.png */,
				7F90C59514E5576600147718 /* PokemonDetail_Size.png */,
				7F90C59614E5576600147718 /* PokemonDetail_Size@2x.png */,
				7F90C58314E51B7300147718 /* PoketchTabBarIconMask.png */,
				7F90C58014E51AEC00147718 /* PoketchTabBarIconSelectedMask@2x.png */,
				7F90C57B14E51A3700147718 /* PoketchTabBarIconDefaultMask.png */,
				7F90C57C14E51A3700147718 /* PoketchTabBarIconDefaultMask@2x.png */,
				7F90C56A14E517A200147718 /* PoketchTabBarIcon_Messages.png */,
				7F90C56B14E517A200147718 /* PoketchTabBarIcon_Messages@2x.png */,
				7F90C56E14E517A200147718 /* PoketchTabBarIcon_SixPokemons.png */,
				7F90C56F14E517A200147718 /* PoketchTabBarIcon_SixPokemons@2x.png */,
				7F90C57014E517A200147718 /* PoketchTabBarIcon_Steps.png */,
				7F90C57114E517A200147718 /* PoketchTabBarIcon_Steps@2x.png */,
				7FEED5D214E50E4E0010F7F2 /* TabBarSelectedArrow.png */,
				7FEED5D314E50E500010F7F2 /* TabBarSelectedArrow@2x.png */,
				7FEED5CD14E506D30010F7F2 /* TabBarBackground.png */,
				7FEED5CE14E506D30010F7F2 /* TabBarBackground@2x.png */,
			);
			path = TabBar;
			sourceTree = "<group>";
		};
		7FBAA71014E170430011DCB0 /* UtilityBall */ = {
			isa = PBXGroup;
			children = (
				7F0A485D14E67DAE001C62A0 /* PokemonDetailDescriptionBackground.png */,
				7F0A485E14E67DAE001C62A0 /* PokemonDetailDescriptionBackground@2x.png */,
				7F0A485914E671DD001C62A0 /* PokemonDetailImageBackground.png */,
				7F0A485A14E671DD001C62A0 /* PokemonDetailImageBackground@2x.png */,
				7F0A485514E636E5001C62A0 /* BagTableViewCellBackground.png */,
				7F0A485614E636E5001C62A0 /* BagTableViewCellBackground@2x.png */,
				7F0A484414E63118001C62A0 /* BagItemIcon_BattleItems.png */,
				7F0A484514E63118001C62A0 /* BagItemIcon_Berries.png */,
				7F0A484614E63118001C62A0 /* BagItemIcon_Items.png */,
				7F0A484714E63118001C62A0 /* BagItemIcon_KeyItems.png */,
				7F0A484814E63118001C62A0 /* BagItemIcon_Mail.png */,
				7F0A484914E63118001C62A0 /* BagItemIcon_Medicine.png */,
				7F0A484A14E63118001C62A0 /* BagItemIcon_Pokeballs.png */,
				7F0A484B14E63118001C62A0 /* BagItemIcon_TMsHMs.png */,
				7FBD73EA14E3F1EB00965CED /* CustomNavigationBar_backButtonToRoot.png */,
				7FBD73EB14E3F1EB00965CED /* CustomNavigationBar_backButtonToRoot@2x.png */,
				7FBD73E414E3E7B800965CED /* UtilityBallMenuIcon.png */,
				7FBD73E514E3E7B900965CED /* UtilityBallMenuIcon@2x.png */,
				7F8EFA8D14D937C000FF1055 /* UtilityBallMenuIconBig.png */,
				7FBD73DA14E3B58E00965CED /* CustomNavigationBar_backButton.png */,
				7FBD73E814E3EF1300965CED /* CustomNavigationBar_backButton@2x.png */,
				7F5F0D6714E28B3600D996D4 /* NavigationBarBackgroundBlue.png */,
				7FBAA71514E177200011DCB0 /* UtilityBallMenuIcon_ShowBag.png */,
				7FBAA71614E177200011DCB0 /* UtilityBallMenuIcon_SetGame.png */,
				7FBAA71714E177200011DCB0 /* UtilityBallMenuIcon_RunHotKey.png */,
				7FBAA71814E177200011DCB0 /* UtilityBallMenuIcon_ShowPokedex.png */,
				7FBAA71914E177200011DCB0 /* UtilityBallMenuIcon_ShowPokemon.png */,
				7FBAA71A14E177200011DCB0 /* UtilityBallMenuIcon_ShowTrainerCard.png */,
				7FBAA71B14E177200011DCB0 /* UtilityBallMenuIconBackgroundSmall.png */,
				7FBAA71C14E177200011DCB0 /* UtilityBallMenuIconBackgroundSmall@2x.png */,
			);
			path = UtilityBall;
			sourceTree = "<group>";
		};
		7FBB60AB14E6A50700C24BA5 /* tmp */ = {
			isa = PBXGroup;
			children = (
				7FBB60C514E6C31600C24BA5 /* gymLeaderImage_1.png */,
				7FBB60C614E6C31600C24BA5 /* gymLeaderImage_2.png */,
				7FBB60C714E6C31700C24BA5 /* gymLeaderImage_3.png */,
				7FBB60C814E6C31700C24BA5 /* gymLeaderImage_4.png */,
				7FBB60C914E6C31700C24BA5 /* gymLeaderImage_5.png */,
				7FBB60CA14E6C31700C24BA5 /* gymLeaderImage_6.png */,
				7FBB60CB14E6C31700C24BA5 /* gymLeaderImage_7.png */,
				7FBB60CC14E6C31700C24BA5 /* gymLeaderImage_8.png */,
				7FBB60AC14E6A51000C24BA5 /* UserAvatar.png */,
			);
			path = tmp;
			sourceTree = "<group>";
		};
		7FE2BA9F14DAA8E000419825 /* NavigationBar */ = {
			isa = PBXGroup;
			children = (
				7FE2BAA514DAD91700419825 /* UtilityNavigationBarBackground.png */,
			);
			path = NavigationBar;
			sourceTree = "<group>";
		};
/* End PBXGroup section */

/* Begin PBXNativeTarget section */
		7F6E6CB314D6CAA600033C65 /* Pokemon */ = {
			isa = PBXNativeTarget;
			buildConfigurationList = 7F6E6CE714D6CAA700033C65 /* Build configuration list for PBXNativeTarget "Pokemon" */;
			buildPhases = (
				7F6E6CB014D6CAA600033C65 /* Sources */,
				7F6E6CB114D6CAA600033C65 /* Frameworks */,
				7F6E6CB214D6CAA600033C65 /* Resources */,
			);
			buildRules = (
			);
			dependencies = (
			);
			name = Pokemon;
			productName = Pokemon;
			productReference = 7F6E6CB414D6CAA600033C65 /* Pokemon.app */;
			productType = "com.apple.product-type.application";
		};
		7F6E6CD314D6CAA700033C65 /* PokemonTests */ = {
			isa = PBXNativeTarget;
			buildConfigurationList = 7F6E6CEA14D6CAA700033C65 /* Build configuration list for PBXNativeTarget "PokemonTests" */;
			buildPhases = (
				7F6E6CCF14D6CAA700033C65 /* Sources */,
				7F6E6CD014D6CAA700033C65 /* Frameworks */,
				7F6E6CD114D6CAA700033C65 /* Resources */,
				7F6E6CD214D6CAA700033C65 /* ShellScript */,
			);
			buildRules = (
			);
			dependencies = (
				7F6E6CDB14D6CAA700033C65 /* PBXTargetDependency */,
			);
			name = PokemonTests;
			productName = PokemonTests;
			productReference = 7F6E6CD414D6CAA700033C65 /* PokemonTests.octest */;
			productType = "com.apple.product-type.bundle";
		};
/* End PBXNativeTarget section */

/* Begin PBXProject section */
		7F6E6CAB14D6CAA600033C65 /* Project object */ = {
			isa = PBXProject;
			attributes = {
				LastUpgradeCheck = 0420;
				ORGANIZATIONNAME = Kjuly;
			};
			buildConfigurationList = 7F6E6CAE14D6CAA600033C65 /* Build configuration list for PBXProject "Pokemon" */;
			compatibilityVersion = "Xcode 3.2";
			developmentRegion = English;
			hasScannedForEncodings = 0;
			knownRegions = (
				en,
			);
			mainGroup = 7F6E6CA914D6CAA600033C65;
			productRefGroup = 7F6E6CB514D6CAA600033C65 /* Products */;
			projectDirPath = "";
			projectRoot = "";
			targets = (
				7F6E6CB314D6CAA600033C65 /* Pokemon */,
				7F6E6CD314D6CAA700033C65 /* PokemonTests */,
			);
		};
/* End PBXProject section */

/* Begin PBXResourcesBuildPhase section */
		7F6E6CB214D6CAA600033C65 /* Resources */ = {
			isa = PBXResourcesBuildPhase;
			buildActionMask = 2147483647;
			files = (
				7F6E6CC514D6CAA600033C65 /* InfoPlist.strings in Resources */,
				7F51C42914D8180D0091902D /* UtilityView_Discover.png in Resources */,
				7F51C42A14D8180D0091902D /* UtilityView_LocateMe.png in Resources */,
				7F51C42B14D8180D0091902D /* UtilityView_SetAccount.png in Resources */,
				7F51C42C14D8180D0091902D /* UtilityView_ShowWorld.png in Resources */,
				7F8EFA8F14D937C000FF1055 /* UtilityBallMenuIconBig.png in Resources */,
				7FE2BA9B14DAA50000419825 /* CustomNavigationController.xib in Resources */,
				7FE2BAA614DAD91700419825 /* UtilityNavigationBarBackground.png in Resources */,
				7F2EFB7014DE48890068F681 /* Pokedex.plist in Resources */,
				7F2EFB7614DE78250068F681 /* GenerationOne.png in Resources */,
				7F2EFB7C14DE9FDB0068F681 /* PokedexDefaultImage.png in Resources */,
				7F0E514614DFC9AB006F7477 /* BagItems.plist in Resources */,
				7F0E514E14DFCA5C006F7477 /* BagBattleItems.plist in Resources */,
				7F0E514F14DFCA5C006F7477 /* BagBerries.plist in Resources */,
				7F0E515014DFCA5C006F7477 /* BagKeyItems.plist in Resources */,
				7F0E515114DFCA5C006F7477 /* BagMail.plist in Resources */,
				7F0E515214DFCA5C006F7477 /* BagMedicine.plist in Resources */,
				7F0E515314DFCA5C006F7477 /* BagPokeballs.plist in Resources */,
				7F0E515414DFCA5C006F7477 /* BagTMsHMs.plist in Resources */,
				7FBAA71D14E177200011DCB0 /* UtilityBallMenuIcon_ShowBag.png in Resources */,
				7FBAA71E14E177200011DCB0 /* UtilityBallMenuIcon_SetGame.png in Resources */,
				7FBAA71F14E177200011DCB0 /* UtilityBallMenuIcon_RunHotKey.png in Resources */,
				7FBAA72014E177200011DCB0 /* UtilityBallMenuIcon_ShowPokedex.png in Resources */,
				7FBAA72114E177200011DCB0 /* UtilityBallMenuIcon_ShowPokemon.png in Resources */,
				7FBAA72214E177200011DCB0 /* UtilityBallMenuIcon_ShowTrainerCard.png in Resources */,
				7FBAA72314E177200011DCB0 /* UtilityBallMenuIconBackgroundSmall.png in Resources */,
				7FBAA72414E177200011DCB0 /* UtilityBallMenuIconBackgroundSmall@2x.png in Resources */,
				7F5F0D6814E28B3600D996D4 /* NavigationBarBackgroundBlue.png in Resources */,
				7FBD73DB14E3B58E00965CED /* CustomNavigationBar_backButton.png in Resources */,
				7FBD73DE14E3C14000965CED /* UtilityBarBackground.png in Resources */,
				7FBD73DF14E3C14000965CED /* UtilityBarBackground@2x.png in Resources */,
				7FBD73E214E3DD4900965CED /* UtilityBarButtonBackground.png in Resources */,
				7FBD73E314E3DD4900965CED /* UtilityBarButtonBackground@2x.png in Resources */,
				7FBD73E614E3E7B900965CED /* UtilityBallMenuIcon.png in Resources */,
				7FBD73E714E3E7B900965CED /* UtilityBallMenuIcon@2x.png in Resources */,
				7FBD73E914E3EF1300965CED /* CustomNavigationBar_backButton@2x.png in Resources */,
				7FBD73EC14E3F1EC00965CED /* CustomNavigationBar_backButtonToRoot.png in Resources */,
				7FBD73ED14E3F1EC00965CED /* CustomNavigationBar_backButtonToRoot@2x.png in Resources */,
				7FEED5BD14E4D8120010F7F2 /* GameSettingOptions.plist in Resources */,
				7FEED5C714E4FAA60010F7F2 /* AccountSettingTableView_CancelButton.png in Resources */,
				7FEED5C814E4FAA60010F7F2 /* AccountSettingTableView_CancelButton@2x.png in Resources */,
				7FEED5CF14E506D30010F7F2 /* TabBarBackground.png in Resources */,
				7FEED5D014E506D30010F7F2 /* TabBarBackground@2x.png in Resources */,
				7FEED5D414E50E520010F7F2 /* TabBarSelectedArrow.png in Resources */,
				7FEED5D514E50E520010F7F2 /* TabBarSelectedArrow@2x.png in Resources */,
				7F90C57214E517A200147718 /* PoketchTabBarIcon_Messages.png in Resources */,
				7F90C57314E517A200147718 /* PoketchTabBarIcon_Messages@2x.png in Resources */,
				7F90C57614E517A200147718 /* PoketchTabBarIcon_SixPokemons.png in Resources */,
				7F90C57714E517A200147718 /* PoketchTabBarIcon_SixPokemons@2x.png in Resources */,
				7F90C57814E517A200147718 /* PoketchTabBarIcon_Steps.png in Resources */,
				7F90C57914E517A200147718 /* PoketchTabBarIcon_Steps@2x.png in Resources */,
				7F90C57D14E51A3800147718 /* PoketchTabBarIconDefaultMask.png in Resources */,
				7F90C57E14E51A3800147718 /* PoketchTabBarIconDefaultMask@2x.png in Resources */,
				7F90C58214E51AEC00147718 /* PoketchTabBarIconSelectedMask@2x.png in Resources */,
				7F90C58414E51B7600147718 /* PoketchTabBarIconMask.png in Resources */,
				7F90C59714E5576600147718 /* PokemonDetail_Area.png in Resources */,
				7F90C59814E5576600147718 /* PokemonDetail_Area@2x.png in Resources */,
				7F90C59914E5576600147718 /* PokemonDetail_Info.png in Resources */,
				7F90C59A14E5576600147718 /* PokemonDetail_Info@2x.png in Resources */,
				7F90C59B14E5576600147718 /* PokemonDetail_Size.png in Resources */,
				7F90C59C14E5576600147718 /* PokemonDetail_Size@2x.png in Resources */,
				7F90C5A414E5577500147718 /* SixPokemonsDetail_Memo.png in Resources */,
				7F90C5A514E5577500147718 /* SixPokemonsDetail_Memo@2x.png in Resources */,
				7F90C5A614E5577500147718 /* SixPokemonsDetail_Move.png in Resources */,
				7F90C5A714E5577500147718 /* SixPokemonsDetail_Move@2x.png in Resources */,
				7F90C5A814E5577500147718 /* SixPokemonsDetail_Skill.png in Resources */,
				7F90C5A914E5577500147718 /* SixPokemonsDetail_Skill@2x.png in Resources */,
				7F8B816314E574EF0085CE22 /* PokedexTableViewCellBackground.png in Resources */,
				7F8B816414E574EF0085CE22 /* PokedexTableViewCellBackground@2x.png in Resources */,
				7F0A484C14E63118001C62A0 /* BagItemIcon_BattleItems.png in Resources */,
				7F0A484D14E63118001C62A0 /* BagItemIcon_Berries.png in Resources */,
				7F0A484E14E63118001C62A0 /* BagItemIcon_Items.png in Resources */,
				7F0A484F14E63118001C62A0 /* BagItemIcon_KeyItems.png in Resources */,
				7F0A485014E63118001C62A0 /* BagItemIcon_Mail.png in Resources */,
				7F0A485114E63118001C62A0 /* BagItemIcon_Medicine.png in Resources */,
				7F0A485214E63118001C62A0 /* BagItemIcon_Pokeballs.png in Resources */,
				7F0A485314E63118001C62A0 /* BagItemIcon_TMsHMs.png in Resources */,
				7F0A485714E636E5001C62A0 /* BagTableViewCellBackground.png in Resources */,
				7F0A485814E636E5001C62A0 /* BagTableViewCellBackground@2x.png in Resources */,
				7F0A485B14E671DD001C62A0 /* PokemonDetailImageBackground.png in Resources */,
				7F0A485C14E671DD001C62A0 /* PokemonDetailImageBackground@2x.png in Resources */,
				7F0A485F14E67DAF001C62A0 /* PokemonDetailDescriptionBackground.png in Resources */,
				7F0A486014E67DAF001C62A0 /* PokemonDetailDescriptionBackground@2x.png in Resources */,
				7FBB60AD14E6A51000C24BA5 /* UserAvatar.png in Resources */,
				7FBB60B914E6A95F00C24BA5 /* TrainerCardTabIcon_Badges.png in Resources */,
				7FBB60BA14E6A95F00C24BA5 /* TrainerCardTabIcon_Badges@2x.png in Resources */,
				7FBB60BB14E6A95F00C24BA5 /* TrainerCardTabIcon_Info.png in Resources */,
				7FBB60BC14E6A95F00C24BA5 /* TrainerCardTabIcon_Info@2x.png in Resources */,
				7FBB60CD14E6C31700C24BA5 /* gymLeaderImage_1.png in Resources */,
				7FBB60CE14E6C31700C24BA5 /* gymLeaderImage_2.png in Resources */,
				7FBB60CF14E6C31700C24BA5 /* gymLeaderImage_3.png in Resources */,
				7FBB60D014E6C31700C24BA5 /* gymLeaderImage_4.png in Resources */,
				7FBB60D114E6C31700C24BA5 /* gymLeaderImage_5.png in Resources */,
				7FBB60D214E6C31700C24BA5 /* gymLeaderImage_6.png in Resources */,
				7FBB60D314E6C31700C24BA5 /* gymLeaderImage_7.png in Resources */,
				7FBB60D414E6C31700C24BA5 /* gymLeaderImage_8.png in Resources */,
				7FAF625014E797BA00A14AE0 /* AllPokemonImageSmall.png in Resources */,
				7FAF625114E797BA00A14AE0 /* PokedexDefaultImage@2x.png in Resources */,
			);
			runOnlyForDeploymentPostprocessing = 0;
		};
		7F6E6CD114D6CAA700033C65 /* Resources */ = {
			isa = PBXResourcesBuildPhase;
			buildActionMask = 2147483647;
			files = (
				7F6E6CE114D6CAA700033C65 /* InfoPlist.strings in Resources */,
			);
			runOnlyForDeploymentPostprocessing = 0;
		};
/* End PBXResourcesBuildPhase section */

/* Begin PBXShellScriptBuildPhase section */
		7F6E6CD214D6CAA700033C65 /* ShellScript */ = {
			isa = PBXShellScriptBuildPhase;
			buildActionMask = 2147483647;
			files = (
			);
			inputPaths = (
			);
			outputPaths = (
			);
			runOnlyForDeploymentPostprocessing = 0;
			shellPath = /bin/sh;
			shellScript = "# Run the unit tests in this test bundle.\n\"${SYSTEM_DEVELOPER_DIR}/Tools/RunUnitTests\"\n";
		};
/* End PBXShellScriptBuildPhase section */

/* Begin PBXSourcesBuildPhase section */
		7F6E6CB014D6CAA600033C65 /* Sources */ = {
			isa = PBXSourcesBuildPhase;
			buildActionMask = 2147483647;
			files = (
				7F6E6CC714D6CAA600033C65 /* main.m in Sources */,
				7F6E6CCE14D6CAA600033C65 /* Pokemon.xcdatamodeld in Sources */,
				7F6E6CF814D6CB9800033C65 /* AppDelegate.m in Sources */,
				7F51C3D714D7C4DF0091902D /* MainViewController.m in Sources */,
				7F51C40814D7D3C60091902D /* MapViewController.m in Sources */,
				7F51C42014D7E0BF0091902D /* UtilityViewController.m in Sources */,
				7F8EFA9414D9465E00FF1055 /* UtilityBallMenuViewController.m in Sources */,
				7F8EFA9A14D976D100FF1055 /* PoketchTabViewController.m in Sources */,
				7F8EFA9D14D9781500FF1055 /* CustomTabBar.m in Sources */,
				7FE2BA9714DAA3F800419825 /* CustomNavigationController.m in Sources */,
				7FE2BA9E14DAA59500419825 /* CustomNavigationBar.m in Sources */,
				7FE2BAA414DABCD900419825 /* CustomTableViewController.m in Sources */,
				7FE2BAA914DAE23600419825 /* PokedexTableViewController.m in Sources */,
				7F39A2F314DD07DA00C77485 /* DataDecoder.m in Sources */,
				7F2EFB7314DE5F370068F681 /* PListParser.m in Sources */,
				7F4A3D0E14DECDE70017F336 /* PokemonDetailTabViewController.m in Sources */,
				7FAC496814DEE627008BAB45 /* PokemonInfoViewController.m in Sources */,
				7FAC496C14DEE641008BAB45 /* PokemonAreaViewController.m in Sources */,
				7FAC496F14DEE668008BAB45 /* PokemonSizeViewController.m in Sources */,
				7FAC497214DEE701008BAB45 /* PokemonMoveViewController.m in Sources */,
				7FAC497514DEE725008BAB45 /* PokemonSkillViewController.m in Sources */,
				7FAC497814DEE74E008BAB45 /* PokemonMemoViewController.m in Sources */,
				7F0E513C14DFC3D4006F7477 /* BagTableViewController.m in Sources */,
				7F0E514014DFC75B006F7477 /* BagItemTableViewController.m in Sources */,
				7FBAA70A14E15A2A0011DCB0 /* GlobalColor.m in Sources */,
				7FBD73F014E40CF600965CED /* SixPokemonsTableViewController.m in Sources */,
				7FBD73F314E41AEB00965CED /* TrainerCardViewController.m in Sources */,
				7FBD73F614E41C9300965CED /* GameSettingTableViewController.m in Sources */,
				7FEED5C414E4E8F10010F7F2 /* AccountSettingTableViewController.m in Sources */,
				7F90C5AC14E5592E00147718 /* CustomTabViewController.m in Sources */,
				7F90C5AF14E5640B00147718 /* PokedexTableViewCell.m in Sources */,
				7F8B816814E578140085CE22 /* SixPokemonsTableViewCell.m in Sources */,
				7F8B816B14E5786A0085CE22 /* BagTableViewCell.m in Sources */,
				7FBB60B114E6A6B500C24BA5 /* TrainerInfoViewController.m in Sources */,
				7FBB60C414E6BB8700C24BA5 /* TrainerBadgesTableViewController.m in Sources */,
				7FBB60D714E6C37D00C24BA5 /* TrainerBadgesTableViewCell.m in Sources */,
				7FAF625514E7984F00A14AE0 /* PoketchSixPokemonsViewController.m in Sources */,
				7F4AC80714E824C700A10434 /* PoketchStepsViewController.m in Sources */,
			);
			runOnlyForDeploymentPostprocessing = 0;
		};
		7F6E6CCF14D6CAA700033C65 /* Sources */ = {
			isa = PBXSourcesBuildPhase;
			buildActionMask = 2147483647;
			files = (
				7F6E6CE414D6CAA700033C65 /* PokemonTests.m in Sources */,
			);
			runOnlyForDeploymentPostprocessing = 0;
		};
/* End PBXSourcesBuildPhase section */

/* Begin PBXTargetDependency section */
		7F6E6CDB14D6CAA700033C65 /* PBXTargetDependency */ = {
			isa = PBXTargetDependency;
			target = 7F6E6CB314D6CAA600033C65 /* Pokemon */;
			targetProxy = 7F6E6CDA14D6CAA700033C65 /* PBXContainerItemProxy */;
		};
/* End PBXTargetDependency section */

/* Begin PBXVariantGroup section */
		7F6E6CC314D6CAA600033C65 /* InfoPlist.strings */ = {
			isa = PBXVariantGroup;
			children = (
				7F6E6CC414D6CAA600033C65 /* en */,
			);
			name = InfoPlist.strings;
			sourceTree = "<group>";
		};
		7F6E6CDF14D6CAA700033C65 /* InfoPlist.strings */ = {
			isa = PBXVariantGroup;
			children = (
				7F6E6CE014D6CAA700033C65 /* en */,
			);
			name = InfoPlist.strings;
			sourceTree = "<group>";
		};
/* End PBXVariantGroup section */

/* Begin XCBuildConfiguration section */
		7F6E6CE514D6CAA700033C65 /* Debug */ = {
			isa = XCBuildConfiguration;
			buildSettings = {
				ALWAYS_SEARCH_USER_PATHS = NO;
				ARCHS = "$(ARCHS_STANDARD_32_BIT)";
				"CODE_SIGN_IDENTITY[sdk=iphoneos*]" = "iPhone Developer";
				COPY_PHASE_STRIP = NO;
				GCC_C_LANGUAGE_STANDARD = gnu99;
				GCC_DYNAMIC_NO_PIC = NO;
				GCC_OPTIMIZATION_LEVEL = 0;
				GCC_PREPROCESSOR_DEFINITIONS = (
					"DEBUG=1",
					"$(inherited)",
				);
				GCC_SYMBOLS_PRIVATE_EXTERN = NO;
				GCC_VERSION = com.apple.compilers.llvm.clang.1_0;
				GCC_WARN_ABOUT_MISSING_PROTOTYPES = YES;
				GCC_WARN_ABOUT_RETURN_TYPE = YES;
				GCC_WARN_UNUSED_VARIABLE = YES;
				IPHONEOS_DEPLOYMENT_TARGET = 4.0;
				SDKROOT = iphoneos;
				TARGETED_DEVICE_FAMILY = "1,2";
			};
			name = Debug;
		};
		7F6E6CE614D6CAA700033C65 /* Release */ = {
			isa = XCBuildConfiguration;
			buildSettings = {
				ALWAYS_SEARCH_USER_PATHS = NO;
				ARCHS = "$(ARCHS_STANDARD_32_BIT)";
				"CODE_SIGN_IDENTITY[sdk=iphoneos*]" = "iPhone Developer";
				COPY_PHASE_STRIP = YES;
				GCC_C_LANGUAGE_STANDARD = gnu99;
				GCC_VERSION = com.apple.compilers.llvm.clang.1_0;
				GCC_WARN_ABOUT_MISSING_PROTOTYPES = YES;
				GCC_WARN_ABOUT_RETURN_TYPE = YES;
				GCC_WARN_UNUSED_VARIABLE = YES;
				IPHONEOS_DEPLOYMENT_TARGET = 4.0;
				OTHER_CFLAGS = "-DNS_BLOCK_ASSERTIONS=1";
				SDKROOT = iphoneos;
				TARGETED_DEVICE_FAMILY = "1,2";
				VALIDATE_PRODUCT = YES;
			};
			name = Release;
		};
		7F6E6CE814D6CAA700033C65 /* Debug */ = {
			isa = XCBuildConfiguration;
			buildSettings = {
				GCC_PRECOMPILE_PREFIX_HEADER = YES;
				GCC_PREFIX_HEADER = "Pokemon/Pokemon-Prefix.pch";
				INFOPLIST_FILE = "Pokemon/Pokemon-Info.plist";
				PRODUCT_NAME = "$(TARGET_NAME)";
				TARGETED_DEVICE_FAMILY = "1,2";
				WRAPPER_EXTENSION = app;
			};
			name = Debug;
		};
		7F6E6CE914D6CAA700033C65 /* Release */ = {
			isa = XCBuildConfiguration;
			buildSettings = {
				GCC_PRECOMPILE_PREFIX_HEADER = YES;
				GCC_PREFIX_HEADER = "Pokemon/Pokemon-Prefix.pch";
				INFOPLIST_FILE = "Pokemon/Pokemon-Info.plist";
				PRODUCT_NAME = "$(TARGET_NAME)";
				TARGETED_DEVICE_FAMILY = "1,2";
				WRAPPER_EXTENSION = app;
			};
			name = Release;
		};
		7F6E6CEB14D6CAA700033C65 /* Debug */ = {
			isa = XCBuildConfiguration;
			buildSettings = {
				BUNDLE_LOADER = "$(BUILT_PRODUCTS_DIR)/Pokemon.app/Pokemon";
				FRAMEWORK_SEARCH_PATHS = (
					"$(SDKROOT)/Developer/Library/Frameworks",
					"$(DEVELOPER_LIBRARY_DIR)/Frameworks",
				);
				GCC_PRECOMPILE_PREFIX_HEADER = YES;
				GCC_PREFIX_HEADER = "Pokemon/Pokemon-Prefix.pch";
				INFOPLIST_FILE = "PokemonTests/PokemonTests-Info.plist";
				PRODUCT_NAME = "$(TARGET_NAME)";
				TEST_HOST = "$(BUNDLE_LOADER)";
				WRAPPER_EXTENSION = octest;
			};
			name = Debug;
		};
		7F6E6CEC14D6CAA700033C65 /* Release */ = {
			isa = XCBuildConfiguration;
			buildSettings = {
				BUNDLE_LOADER = "$(BUILT_PRODUCTS_DIR)/Pokemon.app/Pokemon";
				FRAMEWORK_SEARCH_PATHS = (
					"$(SDKROOT)/Developer/Library/Frameworks",
					"$(DEVELOPER_LIBRARY_DIR)/Frameworks",
				);
				GCC_PRECOMPILE_PREFIX_HEADER = YES;
				GCC_PREFIX_HEADER = "Pokemon/Pokemon-Prefix.pch";
				INFOPLIST_FILE = "PokemonTests/PokemonTests-Info.plist";
				PRODUCT_NAME = "$(TARGET_NAME)";
				TEST_HOST = "$(BUNDLE_LOADER)";
				WRAPPER_EXTENSION = octest;
			};
			name = Release;
		};
/* End XCBuildConfiguration section */

/* Begin XCConfigurationList section */
		7F6E6CAE14D6CAA600033C65 /* Build configuration list for PBXProject "Pokemon" */ = {
			isa = XCConfigurationList;
			buildConfigurations = (
				7F6E6CE514D6CAA700033C65 /* Debug */,
				7F6E6CE614D6CAA700033C65 /* Release */,
			);
			defaultConfigurationIsVisible = 0;
			defaultConfigurationName = Release;
		};
		7F6E6CE714D6CAA700033C65 /* Build configuration list for PBXNativeTarget "Pokemon" */ = {
			isa = XCConfigurationList;
			buildConfigurations = (
				7F6E6CE814D6CAA700033C65 /* Debug */,
				7F6E6CE914D6CAA700033C65 /* Release */,
			);
			defaultConfigurationIsVisible = 0;
			defaultConfigurationName = Release;
		};
		7F6E6CEA14D6CAA700033C65 /* Build configuration list for PBXNativeTarget "PokemonTests" */ = {
			isa = XCConfigurationList;
			buildConfigurations = (
				7F6E6CEB14D6CAA700033C65 /* Debug */,
				7F6E6CEC14D6CAA700033C65 /* Release */,
			);
			defaultConfigurationIsVisible = 0;
			defaultConfigurationName = Release;
		};
/* End XCConfigurationList section */

/* Begin XCVersionGroup section */
		7F6E6CCC14D6CAA600033C65 /* Pokemon.xcdatamodeld */ = {
			isa = XCVersionGroup;
			children = (
				7F6E6CCD14D6CAA600033C65 /* Pokemon.xcdatamodel */,
			);
			currentVersion = 7F6E6CCD14D6CAA600033C65 /* Pokemon.xcdatamodel */;
			name = Pokemon.xcdatamodeld;
			path = ../Pokemon.xcdatamodeld;
			sourceTree = "<group>";
			versionGroupType = wrapper.xcdatamodel;
		};
/* End XCVersionGroup section */
	};
	rootObject = 7F6E6CAB14D6CAA600033C65 /* Project object */;
}
